// !$*UTF8*$!
{
	archiveVersion = 1;
	classes = {
	};
	objectVersion = 50;
	objects = {

/* Begin PBXBuildFile section */
		98C81527233B77ED002E92C2 /* main.cpp in Sources */ = {isa = PBXBuildFile; fileRef = 98C81526233B77ED002E92C2 /* main.cpp */; };
		98C8152F233B9131002E92C2 /* tiles.cpp in Sources */ = {isa = PBXBuildFile; fileRef = 98C8152D233B9131002E92C2 /* tiles.cpp */; };
		98C8153E233B9207002E92C2 /* tiles.cpp in Sources */ = {isa = PBXBuildFile; fileRef = 98C8152D233B9131002E92C2 /* tiles.cpp */; };
		98C81542233B9257002E92C2 /* TestTiles.mm in Sources */ = {isa = PBXBuildFile; fileRef = 98C81541233B9257002E92C2 /* TestTiles.mm */; };
/* End PBXBuildFile section */

/* Begin PBXContainerItemProxy section */
		98C8153C233B91FE002E92C2 /* PBXContainerItemProxy */ = {
			isa = PBXContainerItemProxy;
			containerPortal = 98C8151B233B77ED002E92C2 /* Project object */;
			proxyType = 1;
			remoteGlobalIDString = 98C81522233B77ED002E92C2;
			remoteInfo = 1_3_Dlazdice;
		};
/* End PBXContainerItemProxy section */

/* Begin PBXCopyFilesBuildPhase section */
		98C81521233B77ED002E92C2 /* CopyFiles */ = {
			isa = PBXCopyFilesBuildPhase;
			buildActionMask = 2147483647;
			dstPath = /usr/share/man/man1/;
			dstSubfolderSpec = 0;
			files = (
			);
			runOnlyForDeploymentPostprocessing = 1;
		};
/* End PBXCopyFilesBuildPhase section */

/* Begin PBXFileReference section */
		98C81523233B77ED002E92C2 /* 1_3_Dlazdice */ = {isa = PBXFileReference; explicitFileType = "compiled.mach-o.executable"; includeInIndex = 0; path = 1_3_Dlazdice; sourceTree = BUILT_PRODUCTS_DIR; };
		98C81526233B77ED002E92C2 /* main.cpp */ = {isa = PBXFileReference; lastKnownFileType = sourcecode.cpp.cpp; path = main.cpp; sourceTree = "<group>"; };
		98C8152D233B9131002E92C2 /* tiles.cpp */ = {isa = PBXFileReference; lastKnownFileType = sourcecode.cpp.cpp; path = tiles.cpp; sourceTree = "<group>"; };
		98C8152E233B9131002E92C2 /* tiles.hpp */ = {isa = PBXFileReference; lastKnownFileType = sourcecode.cpp.h; path = tiles.hpp; sourceTree = "<group>"; };
		98C81534233B91EE002E92C2 /* Test_1_3_Dlazdice.xctest */ = {isa = PBXFileReference; explicitFileType = wrapper.cfbundle; includeInIndex = 0; path = Test_1_3_Dlazdice.xctest; sourceTree = BUILT_PRODUCTS_DIR; };
		98C81538233B91EE002E92C2 /* Info.plist */ = {isa = PBXFileReference; lastKnownFileType = text.plist.xml; path = Info.plist; sourceTree = "<group>"; };
		98C81541233B9257002E92C2 /* TestTiles.mm */ = {isa = PBXFileReference; lastKnownFileType = sourcecode.cpp.objcpp; path = TestTiles.mm; sourceTree = "<group>"; };
/* End PBXFileReference section */

/* Begin PBXFrameworksBuildPhase section */
		98C81520233B77ED002E92C2 /* Frameworks */ = {
			isa = PBXFrameworksBuildPhase;
			buildActionMask = 2147483647;
			files = (
			);
			runOnlyForDeploymentPostprocessing = 0;
		};
		98C81531233B91EE002E92C2 /* Frameworks */ = {
			isa = PBXFrameworksBuildPhase;
			buildActionMask = 2147483647;
			files = (
			);
			runOnlyForDeploymentPostprocessing = 0;
		};
/* End PBXFrameworksBuildPhase section */

/* Begin PBXGroup section */
		98C8151A233B77ED002E92C2 = {
			isa = PBXGroup;
			children = (
				98C81525233B77ED002E92C2 /* 1_3_Dlazdice */,
				98C81535233B91EE002E92C2 /* Test_1_3_Dlazdice */,
				98C81524233B77ED002E92C2 /* Products */,
			);
			sourceTree = "<group>";
		};
		98C81524233B77ED002E92C2 /* Products */ = {
			isa = PBXGroup;
			children = (
				98C81523233B77ED002E92C2 /* 1_3_Dlazdice */,
				98C81534233B91EE002E92C2 /* Test_1_3_Dlazdice.xctest */,
			);
			name = Products;
			sourceTree = "<group>";
		};
		98C81525233B77ED002E92C2 /* 1_3_Dlazdice */ = {
			isa = PBXGroup;
			children = (
				98C81526233B77ED002E92C2 /* main.cpp */,
				98C8152E233B9131002E92C2 /* tiles.hpp */,
				98C8152D233B9131002E92C2 /* tiles.cpp */,
			);
			path = 1_3_Dlazdice;
			sourceTree = "<group>";
		};
		98C81535233B91EE002E92C2 /* Test_1_3_Dlazdice */ = {
			isa = PBXGroup;
			children = (
				98C81538233B91EE002E92C2 /* Info.plist */,
				98C81541233B9257002E92C2 /* TestTiles.mm */,
			);
			path = Test_1_3_Dlazdice;
			sourceTree = "<group>";
		};
/* End PBXGroup section */

/* Begin PBXNativeTarget section */
		98C81522233B77ED002E92C2 /* 1_3_Dlazdice */ = {
			isa = PBXNativeTarget;
			buildConfigurationList = 98C8152A233B77ED002E92C2 /* Build configuration list for PBXNativeTarget "1_3_Dlazdice" */;
			buildPhases = (
				98C8151F233B77ED002E92C2 /* Sources */,
				98C81520233B77ED002E92C2 /* Frameworks */,
				98C81521233B77ED002E92C2 /* CopyFiles */,
			);
			buildRules = (
			);
			dependencies = (
			);
			name = 1_3_Dlazdice;
			productName = 1_3_Dlazdice;
			productReference = 98C81523233B77ED002E92C2 /* 1_3_Dlazdice */;
			productType = "com.apple.product-type.tool";
		};
		98C81533233B91EE002E92C2 /* Test_1_3_Dlazdice */ = {
			isa = PBXNativeTarget;
			buildConfigurationList = 98C81539233B91EE002E92C2 /* Build configuration list for PBXNativeTarget "Test_1_3_Dlazdice" */;
			buildPhases = (
				98C81530233B91EE002E92C2 /* Sources */,
				98C81531233B91EE002E92C2 /* Frameworks */,
				98C81532233B91EE002E92C2 /* Resources */,
			);
			buildRules = (
			);
			dependencies = (
				98C8153D233B91FE002E92C2 /* PBXTargetDependency */,
			);
			name = Test_1_3_Dlazdice;
			productName = Test_1_3_Dlazdice;
			productReference = 98C81534233B91EE002E92C2 /* Test_1_3_Dlazdice.xctest */;
			productType = "com.apple.product-type.bundle.unit-test";
		};
/* End PBXNativeTarget section */

/* Begin PBXProject section */
		98C8151B233B77ED002E92C2 /* Project object */ = {
			isa = PBXProject;
			attributes = {
				LastUpgradeCheck = 1020;
				ORGANIZATIONNAME = dtokos;
				TargetAttributes = {
					98C81522233B77ED002E92C2 = {
						CreatedOnToolsVersion = 10.2.1;
					};
					98C81533233B91EE002E92C2 = {
						CreatedOnToolsVersion = 10.2.1;
					};
				};
			};
			buildConfigurationList = 98C8151E233B77ED002E92C2 /* Build configuration list for PBXProject "1_3_Dlazdice" */;
			compatibilityVersion = "Xcode 9.3";
			developmentRegion = en;
			hasScannedForEncodings = 0;
			knownRegions = (
				en,
			);
			mainGroup = 98C8151A233B77ED002E92C2;
			productRefGroup = 98C81524233B77ED002E92C2 /* Products */;
			projectDirPath = "";
			projectRoot = "";
			targets = (
				98C81522233B77ED002E92C2 /* 1_3_Dlazdice */,
				98C81533233B91EE002E92C2 /* Test_1_3_Dlazdice */,
			);
		};
/* End PBXProject section */

/* Begin PBXResourcesBuildPhase section */
		98C81532233B91EE002E92C2 /* Resources */ = {
			isa = PBXResourcesBuildPhase;
			buildActionMask = 2147483647;
			files = (
			);
			runOnlyForDeploymentPostprocessing = 0;
		};
/* End PBXResourcesBuildPhase section */

/* Begin PBXSourcesBuildPhase section */
		98C8151F233B77ED002E92C2 /* Sources */ = {
			isa = PBXSourcesBuildPhase;
			buildActionMask = 2147483647;
			files = (
				98C81527233B77ED002E92C2 /* main.cpp in Sources */,
				98C8152F233B9131002E92C2 /* tiles.cpp in Sources */,
			);
			runOnlyForDeploymentPostprocessing = 0;
		};
		98C81530233B91EE002E92C2 /* Sources */ = {
			isa = PBXSourcesBuildPhase;
			buildActionMask = 2147483647;
			files = (
				98C8153E233B9207002E92C2 /* tiles.cpp in Sources */,
				98C81542233B9257002E92C2 /* TestTiles.mm in Sources */,
			);
			runOnlyForDeploymentPostprocessing = 0;
		};
/* End PBXSourcesBuildPhase section */

/* Begin PBXTargetDependency section */
		98C8153D233B91FE002E92C2 /* PBXTargetDependency */ = {
			isa = PBXTargetDependency;
			target = 98C81522233B77ED002E92C2 /* 1_3_Dlazdice */;
			targetProxy = 98C8153C233B91FE002E92C2 /* PBXContainerItemProxy */;
		};
/* End PBXTargetDependency section */

/* Begin XCBuildConfiguration section */
		98C81528233B77ED002E92C2 /* Debug */ = {
			isa = XCBuildConfiguration;
			buildSettings = {
				ALWAYS_SEARCH_USER_PATHS = NO;
				CLANG_ANALYZER_NONNULL = YES;
				CLANG_ANALYZER_NUMBER_OBJECT_CONVERSION = YES_AGGRESSIVE;
				CLANG_CXX_LANGUAGE_STANDARD = "gnu++14";
				CLANG_CXX_LIBRARY = "libc++";
				CLANG_ENABLE_MODULES = YES;
				CLANG_ENABLE_OBJC_ARC = YES;
				CLANG_ENABLE_OBJC_WEAK = YES;
				CLANG_WARN_BLOCK_CAPTURE_AUTORELEASING = YES;
				CLANG_WARN_BOOL_CONVERSION = YES;
				CLANG_WARN_COMMA = YES;
				CLANG_WARN_CONSTANT_CONVERSION = YES;
				CLANG_WARN_DEPRECATED_OBJC_IMPLEMENTATIONS = YES;
				CLANG_WARN_DIRECT_OBJC_ISA_USAGE = YES_ERROR;
				CLANG_WARN_DOCUMENTATION_COMMENTS = YES;
				CLANG_WARN_EMPTY_BODY = YES;
				CLANG_WARN_ENUM_CONVERSION = YES;
				CLANG_WARN_INFINITE_RECURSION = YES;
				CLANG_WARN_INT_CONVERSION = YES;
				CLANG_WARN_NON_LITERAL_NULL_CONVERSION = YES;
				CLANG_WARN_OBJC_IMPLICIT_RETAIN_SELF = YES;
				CLANG_WARN_OBJC_LITERAL_CONVERSION = YES;
				CLANG_WARN_OBJC_ROOT_CLASS = YES_ERROR;
				CLANG_WARN_RANGE_LOOP_ANALYSIS = YES;
				CLANG_WARN_STRICT_PROTOTYPES = YES;
				CLANG_WARN_SUSPICIOUS_MOVE = YES;
				CLANG_WARN_UNGUARDED_AVAILABILITY = YES_AGGRESSIVE;
				CLANG_WARN_UNREACHABLE_CODE = YES;
				CLANG_WARN__DUPLICATE_METHOD_MATCH = YES;
				CODE_SIGN_IDENTITY = "-";
				COPY_PHASE_STRIP = NO;
				DEBUG_INFORMATION_FORMAT = dwarf;
				ENABLE_STRICT_OBJC_MSGSEND = YES;
				ENABLE_TESTABILITY = YES;
				GCC_C_LANGUAGE_STANDARD = gnu11;
				GCC_DYNAMIC_NO_PIC = NO;
				GCC_NO_COMMON_BLOCKS = YES;
				GCC_OPTIMIZATION_LEVEL = 0;
				GCC_PREPROCESSOR_DEFINITIONS = (
					"DEBUG=1",
					"$(inherited)",
				);
				GCC_WARN_64_TO_32_BIT_CONVERSION = YES;
				GCC_WARN_ABOUT_RETURN_TYPE = YES_ERROR;
				GCC_WARN_UNDECLARED_SELECTOR = YES;
				GCC_WARN_UNINITIALIZED_AUTOS = YES_AGGRESSIVE;
				GCC_WARN_UNUSED_FUNCTION = YES;
				GCC_WARN_UNUSED_VARIABLE = YES;
				MACOSX_DEPLOYMENT_TARGET = 10.14;
				MTL_ENABLE_DEBUG_INFO = INCLUDE_SOURCE;
				MTL_FAST_MATH = YES;
				ONLY_ACTIVE_ARCH = YES;
				SDKROOT = macosx;
			};
			name = Debug;
		};
		98C81529233B77ED002E92C2 /* Release */ = {
			isa = XCBuildConfiguration;
			buildSettings = {
				ALWAYS_SEARCH_USER_PATHS = NO;
				CLANG_ANALYZER_NONNULL = YES;
				CLANG_ANALYZER_NUMBER_OBJECT_CONVERSION = YES_AGGRESSIVE;
				CLANG_CXX_LANGUAGE_STANDARD = "gnu++14";
				CLANG_CXX_LIBRARY = "libc++";
				CLANG_ENABLE_MODULES = YES;
				CLANG_ENABLE_OBJC_ARC = YES;
				CLANG_ENABLE_OBJC_WEAK = YES;
				CLANG_WARN_BLOCK_CAPTURE_AUTORELEASING = YES;
				CLANG_WARN_BOOL_CONVERSION = YES;
				CLANG_WARN_COMMA = YES;
				CLANG_WARN_CONSTANT_CONVERSION = YES;
				CLANG_WARN_DEPRECATED_OBJC_IMPLEMENTATIONS = YES;
				CLANG_WARN_DIRECT_OBJC_ISA_USAGE = YES_ERROR;
				CLANG_WARN_DOCUMENTATION_COMMENTS = YES;
				CLANG_WARN_EMPTY_BODY = YES;
				CLANG_WARN_ENUM_CONVERSION = YES;
				CLANG_WARN_INFINITE_RECURSION = YES;
				CLANG_WARN_INT_CONVERSION = YES;
				CLANG_WARN_NON_LITERAL_NULL_CONVERSION = YES;
				CLANG_WARN_OBJC_IMPLICIT_RETAIN_SELF = YES;
				CLANG_WARN_OBJC_LITERAL_CONVERSION = YES;
				CLANG_WARN_OBJC_ROOT_CLASS = YES_ERROR;
				CLANG_WARN_RANGE_LOOP_ANALYSIS = YES;
				CLANG_WARN_STRICT_PROTOTYPES = YES;
				CLANG_WARN_SUSPICIOUS_MOVE = YES;
				CLANG_WARN_UNGUARDED_AVAILABILITY = YES_AGGRESSIVE;
				CLANG_WARN_UNREACHABLE_CODE = YES;
				CLANG_WARN__DUPLICATE_METHOD_MATCH = YES;
				CODE_SIGN_IDENTITY = "-";
				COPY_PHASE_STRIP = NO;
				DEBUG_INFORMATION_FORMAT = "dwarf-with-dsym";
				ENABLE_NS_ASSERTIONS = NO;
				ENABLE_STRICT_OBJC_MSGSEND = YES;
				GCC_C_LANGUAGE_STANDARD = gnu11;
				GCC_NO_COMMON_BLOCKS = YES;
				GCC_WARN_64_TO_32_BIT_CONVERSION = YES;
				GCC_WARN_ABOUT_RETURN_TYPE = YES_ERROR;
				GCC_WARN_UNDECLARED_SELECTOR = YES;
				GCC_WARN_UNINITIALIZED_AUTOS = YES_AGGRESSIVE;
				GCC_WARN_UNUSED_FUNCTION = YES;
				GCC_WARN_UNUSED_VARIABLE = YES;
				MACOSX_DEPLOYMENT_TARGET = 10.14;
				MTL_ENABLE_DEBUG_INFO = NO;
				MTL_FAST_MATH = YES;
				SDKROOT = macosx;
			};
			name = Release;
		};
		98C8152B233B77ED002E92C2 /* Debug */ = {
			isa = XCBuildConfiguration;
			buildSettings = {
				CODE_SIGN_STYLE = Automatic;
				PRODUCT_NAME = "$(TARGET_NAME)";
			};
			name = Debug;
		};
		98C8152C233B77ED002E92C2 /* Release */ = {
			isa = XCBuildConfiguration;
			buildSettings = {
				CODE_SIGN_STYLE = Automatic;
				PRODUCT_NAME = "$(TARGET_NAME)";
			};
			name = Release;
		};
		98C8153A233B91EE002E92C2 /* Debug */ = {
			isa = XCBuildConfiguration;
			buildSettings = {
				CODE_SIGN_STYLE = Automatic;
				COMBINE_HIDPI_IMAGES = YES;
				INFOPLIST_FILE = Test_1_3_Dlazdice/Info.plist;
				LD_RUNPATH_SEARCH_PATHS = (
					"$(inherited)",
					"@executable_path/../Frameworks",
					"@loader_path/../Frameworks",
				);
				PRODUCT_BUNDLE_IDENTIFIER = "dtokos.Test-1-3-Dlazdice";
				PRODUCT_NAME = "$(TARGET_NAME)";
			};
			name = Debug;
		};
		98C8153B233B91EE002E92C2 /* Release */ = {
			isa = XCBuildConfiguration;
			buildSettings = {
				CODE_SIGN_STYLE = Automatic;
				COMBINE_HIDPI_IMAGES = YES;
				INFOPLIST_FILE = Test_1_3_Dlazdice/Info.plist;
				LD_RUNPATH_SEARCH_PATHS = (
					"$(inherited)",
					"@executable_path/../Frameworks",
					"@loader_path/../Frameworks",
				);
				PRODUCT_BUNDLE_IDENTIFIER = "dtokos.Test-1-3-Dlazdice";
				PRODUCT_NAME = "$(TARGET_NAME)";
			};
			name = Release;
		};
/* End XCBuildConfiguration section */

/* Begin XCConfigurationList section */
		98C8151E233B77ED002E92C2 /* Build configuration list for PBXProject "1_3_Dlazdice" */ = {
			isa = XCConfigurationList;
			buildConfigurations = (
				98C81528233B77ED002E92C2 /* Debug */,
				98C81529233B77ED002E92C2 /* Release */,
			);
			defaultConfigurationIsVisible = 0;
			defaultConfigurationName = Release;
		};
		98C8152A233B77ED002E92C2 /* Build configuration list for PBXNativeTarget "1_3_Dlazdice" */ = {
			isa = XCConfigurationList;
			buildConfigurations = (
				98C8152B233B77ED002E92C2 /* Debug */,
				98C8152C233B77ED002E92C2 /* Release */,
			);
			defaultConfigurationIsVisible = 0;
			defaultConfigurationName = Release;
		};
		98C81539233B91EE002E92C2 /* Build configuration list for PBXNativeTarget "Test_1_3_Dlazdice" */ = {
			isa = XCConfigurationList;
			buildConfigurations = (
				98C8153A233B91EE002E92C2 /* Debug */,
				98C8153B233B91EE002E92C2 /* Release */,
			);
			defaultConfigurationIsVisible = 0;
			defaultConfigurationName = Release;
		};
/* End XCConfigurationList section */
	};
	rootObject = 98C8151B233B77ED002E92C2 /* Project object */;
}
