// !$*UTF8*$!
{
	archiveVersion = 1;
	classes = {
	};
	objectVersion = 50;
	objects = {

/* Begin PBXBuildFile section */
		984EC9B523894F8B003E075A /* main.cpp in Sources */ = {isa = PBXBuildFile; fileRef = 984EC9B423894F8B003E075A /* main.cpp */; };
		984EC9C223894FC4003E075A /* Test_3_Popolvar.mm in Sources */ = {isa = PBXBuildFile; fileRef = 984EC9C123894FC4003E075A /* Test_3_Popolvar.mm */; };
		984EC9C923894FED003E075A /* path.cpp in Sources */ = {isa = PBXBuildFile; fileRef = 984EC9C723894FED003E075A /* path.cpp */; };
		984EC9CA23894FED003E075A /* path.cpp in Sources */ = {isa = PBXBuildFile; fileRef = 984EC9C723894FED003E075A /* path.cpp */; };
		984EC9CD23896C59003E075A /* types.cpp in Sources */ = {isa = PBXBuildFile; fileRef = 984EC9CB23896C59003E075A /* types.cpp */; };
		984EC9CE23896C59003E075A /* types.cpp in Sources */ = {isa = PBXBuildFile; fileRef = 984EC9CB23896C59003E075A /* types.cpp */; };
		984EC9D023896CDD003E075A /* Test_Types.mm in Sources */ = {isa = PBXBuildFile; fileRef = 984EC9CF23896CDD003E075A /* Test_Types.mm */; };
/* End PBXBuildFile section */

/* Begin PBXCopyFilesBuildPhase section */
		984EC9AF23894F8B003E075A /* CopyFiles */ = {
			isa = PBXCopyFilesBuildPhase;
			buildActionMask = 2147483647;
			dstPath = /usr/share/man/man1/;
			dstSubfolderSpec = 0;
			files = (
			);
			runOnlyForDeploymentPostprocessing = 1;
		};
/* End PBXCopyFilesBuildPhase section */

/* Begin PBXFileReference section */
		984EC9B123894F8B003E075A /* 3_Popolvar */ = {isa = PBXFileReference; explicitFileType = "compiled.mach-o.executable"; includeInIndex = 0; path = 3_Popolvar; sourceTree = BUILT_PRODUCTS_DIR; };
		984EC9B423894F8B003E075A /* main.cpp */ = {isa = PBXFileReference; lastKnownFileType = sourcecode.cpp.cpp; path = main.cpp; sourceTree = "<group>"; };
		984EC9BF23894FC4003E075A /* Test_3_Popolvar.xctest */ = {isa = PBXFileReference; explicitFileType = wrapper.cfbundle; includeInIndex = 0; path = Test_3_Popolvar.xctest; sourceTree = BUILT_PRODUCTS_DIR; };
		984EC9C123894FC4003E075A /* Test_3_Popolvar.mm */ = {isa = PBXFileReference; lastKnownFileType = sourcecode.cpp.objcpp; path = Test_3_Popolvar.mm; sourceTree = "<group>"; };
		984EC9C323894FC4003E075A /* Info.plist */ = {isa = PBXFileReference; lastKnownFileType = text.plist.xml; path = Info.plist; sourceTree = "<group>"; };
		984EC9C723894FED003E075A /* path.cpp */ = {isa = PBXFileReference; lastKnownFileType = sourcecode.cpp.cpp; path = path.cpp; sourceTree = "<group>"; };
		984EC9C823894FED003E075A /* path.hpp */ = {isa = PBXFileReference; lastKnownFileType = sourcecode.cpp.h; path = path.hpp; sourceTree = "<group>"; };
		984EC9CB23896C59003E075A /* types.cpp */ = {isa = PBXFileReference; lastKnownFileType = sourcecode.cpp.cpp; path = types.cpp; sourceTree = "<group>"; };
		984EC9CC23896C59003E075A /* types.hpp */ = {isa = PBXFileReference; lastKnownFileType = sourcecode.cpp.h; path = types.hpp; sourceTree = "<group>"; };
		984EC9CF23896CDD003E075A /* Test_Types.mm */ = {isa = PBXFileReference; lastKnownFileType = sourcecode.cpp.objcpp; path = Test_Types.mm; sourceTree = "<group>"; };
/* End PBXFileReference section */

/* Begin PBXFrameworksBuildPhase section */
		984EC9AE23894F8B003E075A /* Frameworks */ = {
			isa = PBXFrameworksBuildPhase;
			buildActionMask = 2147483647;
			files = (
			);
			runOnlyForDeploymentPostprocessing = 0;
		};
		984EC9BC23894FC4003E075A /* Frameworks */ = {
			isa = PBXFrameworksBuildPhase;
			buildActionMask = 2147483647;
			files = (
			);
			runOnlyForDeploymentPostprocessing = 0;
		};
/* End PBXFrameworksBuildPhase section */

/* Begin PBXGroup section */
		984EC9A823894F8B003E075A = {
			isa = PBXGroup;
			children = (
				984EC9B323894F8B003E075A /* 3_Popolvar */,
				984EC9C023894FC4003E075A /* Test_3_Popolvar */,
				984EC9B223894F8B003E075A /* Products */,
			);
			sourceTree = "<group>";
		};
		984EC9B223894F8B003E075A /* Products */ = {
			isa = PBXGroup;
			children = (
				984EC9B123894F8B003E075A /* 3_Popolvar */,
				984EC9BF23894FC4003E075A /* Test_3_Popolvar.xctest */,
			);
			name = Products;
			sourceTree = "<group>";
		};
		984EC9B323894F8B003E075A /* 3_Popolvar */ = {
			isa = PBXGroup;
			children = (
				984EC9B423894F8B003E075A /* main.cpp */,
				984EC9C823894FED003E075A /* path.hpp */,
				984EC9C723894FED003E075A /* path.cpp */,
				984EC9CC23896C59003E075A /* types.hpp */,
				984EC9CB23896C59003E075A /* types.cpp */,
			);
			path = 3_Popolvar;
			sourceTree = "<group>";
		};
		984EC9C023894FC4003E075A /* Test_3_Popolvar */ = {
			isa = PBXGroup;
			children = (
				984EC9CF23896CDD003E075A /* Test_Types.mm */,
				984EC9C123894FC4003E075A /* Test_3_Popolvar.mm */,
				984EC9C323894FC4003E075A /* Info.plist */,
			);
			path = Test_3_Popolvar;
			sourceTree = "<group>";
		};
/* End PBXGroup section */

/* Begin PBXNativeTarget section */
		984EC9B023894F8B003E075A /* 3_Popolvar */ = {
			isa = PBXNativeTarget;
			buildConfigurationList = 984EC9B823894F8B003E075A /* Build configuration list for PBXNativeTarget "3_Popolvar" */;
			buildPhases = (
				984EC9AD23894F8B003E075A /* Sources */,
				984EC9AE23894F8B003E075A /* Frameworks */,
				984EC9AF23894F8B003E075A /* CopyFiles */,
			);
			buildRules = (
			);
			dependencies = (
			);
			name = 3_Popolvar;
			productName = 3_Popolvar;
			productReference = 984EC9B123894F8B003E075A /* 3_Popolvar */;
			productType = "com.apple.product-type.tool";
		};
		984EC9BE23894FC4003E075A /* Test_3_Popolvar */ = {
			isa = PBXNativeTarget;
			buildConfigurationList = 984EC9C423894FC4003E075A /* Build configuration list for PBXNativeTarget "Test_3_Popolvar" */;
			buildPhases = (
				984EC9BB23894FC4003E075A /* Sources */,
				984EC9BC23894FC4003E075A /* Frameworks */,
				984EC9BD23894FC4003E075A /* Resources */,
			);
			buildRules = (
			);
			dependencies = (
			);
			name = Test_3_Popolvar;
			productName = Test_3_Popolvar;
			productReference = 984EC9BF23894FC4003E075A /* Test_3_Popolvar.xctest */;
			productType = "com.apple.product-type.bundle.unit-test";
		};
/* End PBXNativeTarget section */

/* Begin PBXProject section */
		984EC9A923894F8B003E075A /* Project object */ = {
			isa = PBXProject;
			attributes = {
				LastUpgradeCheck = 1020;
				ORGANIZATIONNAME = dtokos;
				TargetAttributes = {
					984EC9B023894F8B003E075A = {
						CreatedOnToolsVersion = 10.2.1;
					};
					984EC9BE23894FC4003E075A = {
						CreatedOnToolsVersion = 10.2.1;
					};
				};
			};
			buildConfigurationList = 984EC9AC23894F8B003E075A /* Build configuration list for PBXProject "3_Popolvar" */;
			compatibilityVersion = "Xcode 9.3";
			developmentRegion = en;
			hasScannedForEncodings = 0;
			knownRegions = (
				en,
			);
			mainGroup = 984EC9A823894F8B003E075A;
			productRefGroup = 984EC9B223894F8B003E075A /* Products */;
			projectDirPath = "";
			projectRoot = "";
			targets = (
				984EC9B023894F8B003E075A /* 3_Popolvar */,
				984EC9BE23894FC4003E075A /* Test_3_Popolvar */,
			);
		};
/* End PBXProject section */

/* Begin PBXResourcesBuildPhase section */
		984EC9BD23894FC4003E075A /* Resources */ = {
			isa = PBXResourcesBuildPhase;
			buildActionMask = 2147483647;
			files = (
			);
			runOnlyForDeploymentPostprocessing = 0;
		};
/* End PBXResourcesBuildPhase section */

/* Begin PBXSourcesBuildPhase section */
		984EC9AD23894F8B003E075A /* Sources */ = {
			isa = PBXSourcesBuildPhase;
			buildActionMask = 2147483647;
			files = (
				984EC9C923894FED003E075A /* path.cpp in Sources */,
				984EC9B523894F8B003E075A /* main.cpp in Sources */,
				984EC9CD23896C59003E075A /* types.cpp in Sources */,
			);
			runOnlyForDeploymentPostprocessing = 0;
		};
		984EC9BB23894FC4003E075A /* Sources */ = {
			isa = PBXSourcesBuildPhase;
			buildActionMask = 2147483647;
			files = (
				984EC9CA23894FED003E075A /* path.cpp in Sources */,
				984EC9C223894FC4003E075A /* Test_3_Popolvar.mm in Sources */,
				984EC9CE23896C59003E075A /* types.cpp in Sources */,
				984EC9D023896CDD003E075A /* Test_Types.mm in Sources */,
			);
			runOnlyForDeploymentPostprocessing = 0;
		};
/* End PBXSourcesBuildPhase section */

/* Begin XCBuildConfiguration section */
		984EC9B623894F8B003E075A /* Debug */ = {
			isa = XCBuildConfiguration;
			buildSettings = {
				ALWAYS_SEARCH_USER_PATHS = NO;
				CLANG_ANALYZER_NONNULL = YES;
				CLANG_ANALYZER_NUMBER_OBJECT_CONVERSION = YES_AGGRESSIVE;
				CLANG_CXX_LANGUAGE_STANDARD = "gnu++14";
				CLANG_CXX_LIBRARY = "libc++";
				CLANG_ENABLE_MODULES = YES;
				CLANG_ENABLE_OBJC_ARC = YES;
				CLANG_ENABLE_OBJC_WEAK = YES;
				CLANG_WARN_BLOCK_CAPTURE_AUTORELEASING = YES;
				CLANG_WARN_BOOL_CONVERSION = YES;
				CLANG_WARN_COMMA = YES;
				CLANG_WARN_CONSTANT_CONVERSION = YES;
				CLANG_WARN_DEPRECATED_OBJC_IMPLEMENTATIONS = YES;
				CLANG_WARN_DIRECT_OBJC_ISA_USAGE = YES_ERROR;
				CLANG_WARN_DOCUMENTATION_COMMENTS = YES;
				CLANG_WARN_EMPTY_BODY = YES;
				CLANG_WARN_ENUM_CONVERSION = YES;
				CLANG_WARN_INFINITE_RECURSION = YES;
				CLANG_WARN_INT_CONVERSION = YES;
				CLANG_WARN_NON_LITERAL_NULL_CONVERSION = YES;
				CLANG_WARN_OBJC_IMPLICIT_RETAIN_SELF = YES;
				CLANG_WARN_OBJC_LITERAL_CONVERSION = YES;
				CLANG_WARN_OBJC_ROOT_CLASS = YES_ERROR;
				CLANG_WARN_RANGE_LOOP_ANALYSIS = YES;
				CLANG_WARN_STRICT_PROTOTYPES = YES;
				CLANG_WARN_SUSPICIOUS_MOVE = YES;
				CLANG_WARN_UNGUARDED_AVAILABILITY = YES_AGGRESSIVE;
				CLANG_WARN_UNREACHABLE_CODE = YES;
				CLANG_WARN__DUPLICATE_METHOD_MATCH = YES;
				CODE_SIGN_IDENTITY = "-";
				COPY_PHASE_STRIP = NO;
				DEBUG_INFORMATION_FORMAT = dwarf;
				ENABLE_STRICT_OBJC_MSGSEND = YES;
				ENABLE_TESTABILITY = YES;
				GCC_C_LANGUAGE_STANDARD = gnu11;
				GCC_DYNAMIC_NO_PIC = NO;
				GCC_NO_COMMON_BLOCKS = YES;
				GCC_OPTIMIZATION_LEVEL = 0;
				GCC_PREPROCESSOR_DEFINITIONS = (
					"DEBUG=1",
					"$(inherited)",
				);
				GCC_WARN_64_TO_32_BIT_CONVERSION = YES;
				GCC_WARN_ABOUT_RETURN_TYPE = YES_ERROR;
				GCC_WARN_UNDECLARED_SELECTOR = YES;
				GCC_WARN_UNINITIALIZED_AUTOS = YES_AGGRESSIVE;
				GCC_WARN_UNUSED_FUNCTION = YES;
				GCC_WARN_UNUSED_VARIABLE = YES;
				MACOSX_DEPLOYMENT_TARGET = 10.14;
				MTL_ENABLE_DEBUG_INFO = INCLUDE_SOURCE;
				MTL_FAST_MATH = YES;
				ONLY_ACTIVE_ARCH = YES;
				SDKROOT = macosx;
			};
			name = Debug;
		};
		984EC9B723894F8B003E075A /* Release */ = {
			isa = XCBuildConfiguration;
			buildSettings = {
				ALWAYS_SEARCH_USER_PATHS = NO;
				CLANG_ANALYZER_NONNULL = YES;
				CLANG_ANALYZER_NUMBER_OBJECT_CONVERSION = YES_AGGRESSIVE;
				CLANG_CXX_LANGUAGE_STANDARD = "gnu++14";
				CLANG_CXX_LIBRARY = "libc++";
				CLANG_ENABLE_MODULES = YES;
				CLANG_ENABLE_OBJC_ARC = YES;
				CLANG_ENABLE_OBJC_WEAK = YES;
				CLANG_WARN_BLOCK_CAPTURE_AUTORELEASING = YES;
				CLANG_WARN_BOOL_CONVERSION = YES;
				CLANG_WARN_COMMA = YES;
				CLANG_WARN_CONSTANT_CONVERSION = YES;
				CLANG_WARN_DEPRECATED_OBJC_IMPLEMENTATIONS = YES;
				CLANG_WARN_DIRECT_OBJC_ISA_USAGE = YES_ERROR;
				CLANG_WARN_DOCUMENTATION_COMMENTS = YES;
				CLANG_WARN_EMPTY_BODY = YES;
				CLANG_WARN_ENUM_CONVERSION = YES;
				CLANG_WARN_INFINITE_RECURSION = YES;
				CLANG_WARN_INT_CONVERSION = YES;
				CLANG_WARN_NON_LITERAL_NULL_CONVERSION = YES;
				CLANG_WARN_OBJC_IMPLICIT_RETAIN_SELF = YES;
				CLANG_WARN_OBJC_LITERAL_CONVERSION = YES;
				CLANG_WARN_OBJC_ROOT_CLASS = YES_ERROR;
				CLANG_WARN_RANGE_LOOP_ANALYSIS = YES;
				CLANG_WARN_STRICT_PROTOTYPES = YES;
				CLANG_WARN_SUSPICIOUS_MOVE = YES;
				CLANG_WARN_UNGUARDED_AVAILABILITY = YES_AGGRESSIVE;
				CLANG_WARN_UNREACHABLE_CODE = YES;
				CLANG_WARN__DUPLICATE_METHOD_MATCH = YES;
				CODE_SIGN_IDENTITY = "-";
				COPY_PHASE_STRIP = NO;
				DEBUG_INFORMATION_FORMAT = "dwarf-with-dsym";
				ENABLE_NS_ASSERTIONS = NO;
				ENABLE_STRICT_OBJC_MSGSEND = YES;
				GCC_C_LANGUAGE_STANDARD = gnu11;
				GCC_NO_COMMON_BLOCKS = YES;
				GCC_WARN_64_TO_32_BIT_CONVERSION = YES;
				GCC_WARN_ABOUT_RETURN_TYPE = YES_ERROR;
				GCC_WARN_UNDECLARED_SELECTOR = YES;
				GCC_WARN_UNINITIALIZED_AUTOS = YES_AGGRESSIVE;
				GCC_WARN_UNUSED_FUNCTION = YES;
				GCC_WARN_UNUSED_VARIABLE = YES;
				MACOSX_DEPLOYMENT_TARGET = 10.14;
				MTL_ENABLE_DEBUG_INFO = NO;
				MTL_FAST_MATH = YES;
				SDKROOT = macosx;
			};
			name = Release;
		};
		984EC9B923894F8B003E075A /* Debug */ = {
			isa = XCBuildConfiguration;
			buildSettings = {
				CODE_SIGN_STYLE = Automatic;
				PRODUCT_NAME = "$(TARGET_NAME)";
			};
			name = Debug;
		};
		984EC9BA23894F8B003E075A /* Release */ = {
			isa = XCBuildConfiguration;
			buildSettings = {
				CODE_SIGN_STYLE = Automatic;
				PRODUCT_NAME = "$(TARGET_NAME)";
			};
			name = Release;
		};
		984EC9C523894FC4003E075A /* Debug */ = {
			isa = XCBuildConfiguration;
			buildSettings = {
				CODE_SIGN_STYLE = Automatic;
				COMBINE_HIDPI_IMAGES = YES;
				INFOPLIST_FILE = Test_3_Popolvar/Info.plist;
				LD_RUNPATH_SEARCH_PATHS = (
					"$(inherited)",
					"@executable_path/../Frameworks",
					"@loader_path/../Frameworks",
				);
				PRODUCT_BUNDLE_IDENTIFIER = "dtokos.Test-3-Popolvar";
				PRODUCT_NAME = "$(TARGET_NAME)";
			};
			name = Debug;
		};
		984EC9C623894FC4003E075A /* Release */ = {
			isa = XCBuildConfiguration;
			buildSettings = {
				CODE_SIGN_STYLE = Automatic;
				COMBINE_HIDPI_IMAGES = YES;
				INFOPLIST_FILE = Test_3_Popolvar/Info.plist;
				LD_RUNPATH_SEARCH_PATHS = (
					"$(inherited)",
					"@executable_path/../Frameworks",
					"@loader_path/../Frameworks",
				);
				PRODUCT_BUNDLE_IDENTIFIER = "dtokos.Test-3-Popolvar";
				PRODUCT_NAME = "$(TARGET_NAME)";
			};
			name = Release;
		};
/* End XCBuildConfiguration section */

/* Begin XCConfigurationList section */
		984EC9AC23894F8B003E075A /* Build configuration list for PBXProject "3_Popolvar" */ = {
			isa = XCConfigurationList;
			buildConfigurations = (
				984EC9B623894F8B003E075A /* Debug */,
				984EC9B723894F8B003E075A /* Release */,
			);
			defaultConfigurationIsVisible = 0;
			defaultConfigurationName = Release;
		};
		984EC9B823894F8B003E075A /* Build configuration list for PBXNativeTarget "3_Popolvar" */ = {
			isa = XCConfigurationList;
			buildConfigurations = (
				984EC9B923894F8B003E075A /* Debug */,
				984EC9BA23894F8B003E075A /* Release */,
			);
			defaultConfigurationIsVisible = 0;
			defaultConfigurationName = Release;
		};
		984EC9C423894FC4003E075A /* Build configuration list for PBXNativeTarget "Test_3_Popolvar" */ = {
			isa = XCConfigurationList;
			buildConfigurations = (
				984EC9C523894FC4003E075A /* Debug */,
				984EC9C623894FC4003E075A /* Release */,
			);
			defaultConfigurationIsVisible = 0;
			defaultConfigurationName = Release;
		};
/* End XCConfigurationList section */
	};
	rootObject = 984EC9A923894F8B003E075A /* Project object */;
}
