// !$*UTF8*$!
{
	archiveVersion = 1;
	classes = {
	};
	objectVersion = 50;
	objects = {

/* Begin PBXBuildFile section */
		98165E982368BE8200E5772E /* avl.cpp in Sources */ = {isa = PBXBuildFile; fileRef = 98165E962368BE8200E5772E /* avl.cpp */; };
		98165E992368BE8200E5772E /* avl.cpp in Sources */ = {isa = PBXBuildFile; fileRef = 98165E962368BE8200E5772E /* avl.cpp */; };
		9843C1E1236DF5DD0038F64F /* jrht.cpp in Sources */ = {isa = PBXBuildFile; fileRef = 9843C1DF236DF5DD0038F64F /* jrht.cpp */; };
		9843C1E2236DF5E40038F64F /* jrht.cpp in Sources */ = {isa = PBXBuildFile; fileRef = 9843C1DF236DF5DD0038F64F /* jrht.cpp */; };
		9843C1E5236DF66B0038F64F /* jrprime.cpp in Sources */ = {isa = PBXBuildFile; fileRef = 9843C1E3236DF66B0038F64F /* jrprime.cpp */; };
		9843C1E8236DF6B10038F64F /* jrxmalloc.cpp in Sources */ = {isa = PBXBuildFile; fileRef = 9843C1E6236DF6B10038F64F /* jrxmalloc.cpp */; };
		9843C1E9236DF88F0038F64F /* jrxmalloc.cpp in Sources */ = {isa = PBXBuildFile; fileRef = 9843C1E6236DF6B10038F64F /* jrxmalloc.cpp */; };
		9843C1EA236DF8910038F64F /* jrprime.cpp in Sources */ = {isa = PBXBuildFile; fileRef = 9843C1E3236DF66B0038F64F /* jrprime.cpp */; };
		9843C1EC236DF8B30038F64F /* TestJRHTInsert.mm in Sources */ = {isa = PBXBuildFile; fileRef = 9843C1EB236DF8B30038F64F /* TestJRHTInsert.mm */; };
		98455FFD236B5BF900E64E02 /* TestAVLSearch.mm in Sources */ = {isa = PBXBuildFile; fileRef = 98455FFC236B5BF900E64E02 /* TestAVLSearch.mm */; };
		9849DA04236975F700D5E962 /* TestAVLInsert.mm in Sources */ = {isa = PBXBuildFile; fileRef = 9849DA03236975F700D5E962 /* TestAVLInsert.mm */; };
		9856FE0C236F0436003322B0 /* TestJRHTSearch.mm in Sources */ = {isa = PBXBuildFile; fileRef = 9856FE0B236F0435003322B0 /* TestJRHTSearch.mm */; };
		9856FE0E236F0811003322B0 /* TestHTPerformance.mm in Sources */ = {isa = PBXBuildFile; fileRef = 9856FE0D236F0811003322B0 /* TestHTPerformance.mm */; };
		9861F1252366DAE30079F8A8 /* main.c in Sources */ = {isa = PBXBuildFile; fileRef = 9861F1242366DAE30079F8A8 /* main.c */; };
		9861F1392366DB0D0079F8A8 /* bst.cpp in Sources */ = {isa = PBXBuildFile; fileRef = 9861F1372366DB0D0079F8A8 /* bst.cpp */; };
		9861F13A2366DB0D0079F8A8 /* bst.cpp in Sources */ = {isa = PBXBuildFile; fileRef = 9861F1372366DB0D0079F8A8 /* bst.cpp */; };
		9861F13C2366DF190079F8A8 /* TestBSTInsert.mm in Sources */ = {isa = PBXBuildFile; fileRef = 9861F13B2366DF190079F8A8 /* TestBSTInsert.mm */; };
		9861F13E2366E6F70079F8A8 /* TestBSTSearch.mm in Sources */ = {isa = PBXBuildFile; fileRef = 9861F13D2366E6F70079F8A8 /* TestBSTSearch.mm */; };
		98A6285A236DAD130082076F /* ht.cpp in Sources */ = {isa = PBXBuildFile; fileRef = 98A62858236DAD130082076F /* ht.cpp */; };
		98A6285B236DAD130082076F /* ht.cpp in Sources */ = {isa = PBXBuildFile; fileRef = 98A62858236DAD130082076F /* ht.cpp */; };
		98A6285D236DAE020082076F /* TestHTInsert.mm in Sources */ = {isa = PBXBuildFile; fileRef = 98A6285C236DAE020082076F /* TestHTInsert.mm */; };
		98A6285F236DD1550082076F /* TestHTSearch.mm in Sources */ = {isa = PBXBuildFile; fileRef = 98A6285E236DD1550082076F /* TestHTSearch.mm */; };
		98DF75D9236C98A200CBC038 /* rbt.cpp in Sources */ = {isa = PBXBuildFile; fileRef = 98DF75D7236C98A200CBC038 /* rbt.cpp */; };
		98DF75DA236C98A200CBC038 /* rbt.cpp in Sources */ = {isa = PBXBuildFile; fileRef = 98DF75D7236C98A200CBC038 /* rbt.cpp */; };
		98DF75DC236C9C0D00CBC038 /* TestRBTInsert.mm in Sources */ = {isa = PBXBuildFile; fileRef = 98DF75DB236C9C0D00CBC038 /* TestRBTInsert.mm */; };
		98DF75DE236CB62500CBC038 /* TestRBTSearch.mm in Sources */ = {isa = PBXBuildFile; fileRef = 98DF75DD236CB62500CBC038 /* TestRBTSearch.mm */; };
		98DF75E0236CBB9B00CBC038 /* TestBSTPerformance.mm in Sources */ = {isa = PBXBuildFile; fileRef = 98DF75DF236CBB9B00CBC038 /* TestBSTPerformance.mm */; };
/* End PBXBuildFile section */

/* Begin PBXCopyFilesBuildPhase section */
		9861F11F2366DAE30079F8A8 /* CopyFiles */ = {
			isa = PBXCopyFilesBuildPhase;
			buildActionMask = 2147483647;
			dstPath = /usr/share/man/man1/;
			dstSubfolderSpec = 0;
			files = (
			);
			runOnlyForDeploymentPostprocessing = 1;
		};
/* End PBXCopyFilesBuildPhase section */

/* Begin PBXFileReference section */
		98165E962368BE8200E5772E /* avl.cpp */ = {isa = PBXFileReference; lastKnownFileType = sourcecode.cpp.cpp; path = avl.cpp; sourceTree = "<group>"; };
		98165E972368BE8200E5772E /* avl.hpp */ = {isa = PBXFileReference; lastKnownFileType = sourcecode.cpp.h; path = avl.hpp; sourceTree = "<group>"; };
		9843C1DF236DF5DD0038F64F /* jrht.cpp */ = {isa = PBXFileReference; lastKnownFileType = sourcecode.cpp.cpp; path = jrht.cpp; sourceTree = "<group>"; };
		9843C1E0236DF5DD0038F64F /* jrht.hpp */ = {isa = PBXFileReference; lastKnownFileType = sourcecode.cpp.h; path = jrht.hpp; sourceTree = "<group>"; };
		9843C1E3236DF66B0038F64F /* jrprime.cpp */ = {isa = PBXFileReference; lastKnownFileType = sourcecode.cpp.cpp; path = jrprime.cpp; sourceTree = "<group>"; };
		9843C1E4236DF66B0038F64F /* jrprime.hpp */ = {isa = PBXFileReference; lastKnownFileType = sourcecode.cpp.h; path = jrprime.hpp; sourceTree = "<group>"; };
		9843C1E6236DF6B10038F64F /* jrxmalloc.cpp */ = {isa = PBXFileReference; lastKnownFileType = sourcecode.cpp.cpp; path = jrxmalloc.cpp; sourceTree = "<group>"; };
		9843C1E7236DF6B10038F64F /* jrxmalloc.hpp */ = {isa = PBXFileReference; lastKnownFileType = sourcecode.cpp.h; path = jrxmalloc.hpp; sourceTree = "<group>"; };
		9843C1EB236DF8B30038F64F /* TestJRHTInsert.mm */ = {isa = PBXFileReference; lastKnownFileType = sourcecode.cpp.objcpp; path = TestJRHTInsert.mm; sourceTree = "<group>"; };
		98455FFC236B5BF900E64E02 /* TestAVLSearch.mm */ = {isa = PBXFileReference; lastKnownFileType = sourcecode.cpp.objcpp; path = TestAVLSearch.mm; sourceTree = "<group>"; };
		9849DA03236975F700D5E962 /* TestAVLInsert.mm */ = {isa = PBXFileReference; lastKnownFileType = sourcecode.cpp.objcpp; path = TestAVLInsert.mm; sourceTree = "<group>"; };
		9856FE0B236F0435003322B0 /* TestJRHTSearch.mm */ = {isa = PBXFileReference; lastKnownFileType = sourcecode.cpp.objcpp; name = TestJRHTSearch.mm; path = Test_2_Vyhladavanie_v_dynamickych_mnozinach/Hashes/TestJRHTSearch.mm; sourceTree = SOURCE_ROOT; };
		9856FE0D236F0811003322B0 /* TestHTPerformance.mm */ = {isa = PBXFileReference; lastKnownFileType = sourcecode.cpp.objcpp; path = TestHTPerformance.mm; sourceTree = "<group>"; };
		9861F1212366DAE30079F8A8 /* 2_Vyhladavanie_v_dynamickych_mnozinach */ = {isa = PBXFileReference; explicitFileType = "compiled.mach-o.executable"; includeInIndex = 0; path = 2_Vyhladavanie_v_dynamickych_mnozinach; sourceTree = BUILT_PRODUCTS_DIR; };
		9861F1242366DAE30079F8A8 /* main.c */ = {isa = PBXFileReference; lastKnownFileType = sourcecode.c.c; path = main.c; sourceTree = "<group>"; };
		9861F12F2366DAFA0079F8A8 /* Test_2_Vyhladavanie_v_dynamickych_mnozinach.xctest */ = {isa = PBXFileReference; explicitFileType = wrapper.cfbundle; includeInIndex = 0; path = Test_2_Vyhladavanie_v_dynamickych_mnozinach.xctest; sourceTree = BUILT_PRODUCTS_DIR; };
		9861F1332366DAFA0079F8A8 /* Info.plist */ = {isa = PBXFileReference; lastKnownFileType = text.plist.xml; path = Info.plist; sourceTree = "<group>"; };
		9861F1372366DB0D0079F8A8 /* bst.cpp */ = {isa = PBXFileReference; lastKnownFileType = sourcecode.cpp.cpp; path = bst.cpp; sourceTree = "<group>"; };
		9861F1382366DB0D0079F8A8 /* bst.hpp */ = {isa = PBXFileReference; lastKnownFileType = sourcecode.cpp.h; path = bst.hpp; sourceTree = "<group>"; };
		9861F13B2366DF190079F8A8 /* TestBSTInsert.mm */ = {isa = PBXFileReference; lastKnownFileType = sourcecode.cpp.objcpp; path = TestBSTInsert.mm; sourceTree = "<group>"; };
		9861F13D2366E6F70079F8A8 /* TestBSTSearch.mm */ = {isa = PBXFileReference; lastKnownFileType = sourcecode.cpp.objcpp; path = TestBSTSearch.mm; sourceTree = "<group>"; };
		98A62858236DAD130082076F /* ht.cpp */ = {isa = PBXFileReference; lastKnownFileType = sourcecode.cpp.cpp; path = ht.cpp; sourceTree = "<group>"; };
		98A62859236DAD130082076F /* ht.hpp */ = {isa = PBXFileReference; lastKnownFileType = sourcecode.cpp.h; path = ht.hpp; sourceTree = "<group>"; };
		98A6285C236DAE020082076F /* TestHTInsert.mm */ = {isa = PBXFileReference; lastKnownFileType = sourcecode.cpp.objcpp; name = TestHTInsert.mm; path = Test_2_Vyhladavanie_v_dynamickych_mnozinach/Hashes/TestHTInsert.mm; sourceTree = SOURCE_ROOT; };
		98A6285E236DD1550082076F /* TestHTSearch.mm */ = {isa = PBXFileReference; lastKnownFileType = sourcecode.cpp.objcpp; path = TestHTSearch.mm; sourceTree = "<group>"; };
		98DF75D7236C98A200CBC038 /* rbt.cpp */ = {isa = PBXFileReference; lastKnownFileType = sourcecode.cpp.cpp; path = rbt.cpp; sourceTree = "<group>"; };
		98DF75D8236C98A200CBC038 /* rbt.hpp */ = {isa = PBXFileReference; lastKnownFileType = sourcecode.cpp.h; path = rbt.hpp; sourceTree = "<group>"; };
		98DF75DB236C9C0D00CBC038 /* TestRBTInsert.mm */ = {isa = PBXFileReference; lastKnownFileType = sourcecode.cpp.objcpp; path = TestRBTInsert.mm; sourceTree = "<group>"; };
		98DF75DD236CB62500CBC038 /* TestRBTSearch.mm */ = {isa = PBXFileReference; lastKnownFileType = sourcecode.cpp.objcpp; path = TestRBTSearch.mm; sourceTree = "<group>"; };
		98DF75DF236CBB9B00CBC038 /* TestBSTPerformance.mm */ = {isa = PBXFileReference; lastKnownFileType = sourcecode.cpp.objcpp; path = TestBSTPerformance.mm; sourceTree = "<group>"; };
/* End PBXFileReference section */

/* Begin PBXFrameworksBuildPhase section */
		9861F11E2366DAE30079F8A8 /* Frameworks */ = {
			isa = PBXFrameworksBuildPhase;
			buildActionMask = 2147483647;
			files = (
			);
			runOnlyForDeploymentPostprocessing = 0;
		};
		9861F12C2366DAFA0079F8A8 /* Frameworks */ = {
			isa = PBXFrameworksBuildPhase;
			buildActionMask = 2147483647;
			files = (
			);
			runOnlyForDeploymentPostprocessing = 0;
		};
/* End PBXFrameworksBuildPhase section */

/* Begin PBXGroup section */
		9861F1182366DAE30079F8A8 = {
			isa = PBXGroup;
			children = (
				9861F1232366DAE30079F8A8 /* 2_Vyhladavanie_v_dynamickych_mnozinach */,
				9861F1302366DAFA0079F8A8 /* Test_2_Vyhladavanie_v_dynamickych_mnozinach */,
				9861F1222366DAE30079F8A8 /* Products */,
			);
			sourceTree = "<group>";
		};
		9861F1222366DAE30079F8A8 /* Products */ = {
			isa = PBXGroup;
			children = (
				9861F1212366DAE30079F8A8 /* 2_Vyhladavanie_v_dynamickych_mnozinach */,
				9861F12F2366DAFA0079F8A8 /* Test_2_Vyhladavanie_v_dynamickych_mnozinach.xctest */,
			);
			name = Products;
			sourceTree = "<group>";
		};
		9861F1232366DAE30079F8A8 /* 2_Vyhladavanie_v_dynamickych_mnozinach */ = {
			isa = PBXGroup;
			children = (
				9861F1242366DAE30079F8A8 /* main.c */,
				98A62854236DACC90082076F /* Trees */,
				98A62856236DACEA0082076F /* Hashes */,
			);
			path = 2_Vyhladavanie_v_dynamickych_mnozinach;
			sourceTree = "<group>";
		};
		9861F1302366DAFA0079F8A8 /* Test_2_Vyhladavanie_v_dynamickych_mnozinach */ = {
			isa = PBXGroup;
			children = (
				98A62855236DACDC0082076F /* Trees */,
				98A62857236DACFF0082076F /* Hashes */,
				9861F1332366DAFA0079F8A8 /* Info.plist */,
			);
			path = Test_2_Vyhladavanie_v_dynamickych_mnozinach;
			sourceTree = "<group>";
		};
		98A62854236DACC90082076F /* Trees */ = {
			isa = PBXGroup;
			children = (
				9861F1382366DB0D0079F8A8 /* bst.hpp */,
				9861F1372366DB0D0079F8A8 /* bst.cpp */,
				98165E972368BE8200E5772E /* avl.hpp */,
				98165E962368BE8200E5772E /* avl.cpp */,
				98DF75D8236C98A200CBC038 /* rbt.hpp */,
				98DF75D7236C98A200CBC038 /* rbt.cpp */,
			);
			path = Trees;
			sourceTree = "<group>";
		};
		98A62855236DACDC0082076F /* Trees */ = {
			isa = PBXGroup;
			children = (
				9861F13B2366DF190079F8A8 /* TestBSTInsert.mm */,
				9861F13D2366E6F70079F8A8 /* TestBSTSearch.mm */,
				9849DA03236975F700D5E962 /* TestAVLInsert.mm */,
				98455FFC236B5BF900E64E02 /* TestAVLSearch.mm */,
				98DF75DB236C9C0D00CBC038 /* TestRBTInsert.mm */,
				98DF75DD236CB62500CBC038 /* TestRBTSearch.mm */,
				98DF75DF236CBB9B00CBC038 /* TestBSTPerformance.mm */,
			);
			path = Trees;
			sourceTree = "<group>";
		};
		98A62856236DACEA0082076F /* Hashes */ = {
			isa = PBXGroup;
			children = (
				98A62859236DAD130082076F /* ht.hpp */,
				98A62858236DAD130082076F /* ht.cpp */,
				9843C1E0236DF5DD0038F64F /* jrht.hpp */,
				9843C1DF236DF5DD0038F64F /* jrht.cpp */,
				9843C1E7236DF6B10038F64F /* jrxmalloc.hpp */,
				9843C1E6236DF6B10038F64F /* jrxmalloc.cpp */,
				9843C1E4236DF66B0038F64F /* jrprime.hpp */,
				9843C1E3236DF66B0038F64F /* jrprime.cpp */,
			);
			path = Hashes;
			sourceTree = "<group>";
		};
		98A62857236DACFF0082076F /* Hashes */ = {
			isa = PBXGroup;
			children = (
				98A6285C236DAE020082076F /* TestHTInsert.mm */,
				98A6285E236DD1550082076F /* TestHTSearch.mm */,
				9843C1EB236DF8B30038F64F /* TestJRHTInsert.mm */,
				9856FE0B236F0435003322B0 /* TestJRHTSearch.mm */,
				9856FE0D236F0811003322B0 /* TestHTPerformance.mm */,
			);
			path = Hashes;
			sourceTree = "<group>";
		};
/* End PBXGroup section */

/* Begin PBXNativeTarget section */
		9861F1202366DAE30079F8A8 /* 2_Vyhladavanie_v_dynamickych_mnozinach */ = {
			isa = PBXNativeTarget;
			buildConfigurationList = 9861F1282366DAE30079F8A8 /* Build configuration list for PBXNativeTarget "2_Vyhladavanie_v_dynamickych_mnozinach" */;
			buildPhases = (
				9861F11D2366DAE30079F8A8 /* Sources */,
				9861F11E2366DAE30079F8A8 /* Frameworks */,
				9861F11F2366DAE30079F8A8 /* CopyFiles */,
			);
			buildRules = (
			);
			dependencies = (
			);
			name = 2_Vyhladavanie_v_dynamickych_mnozinach;
			productName = 2_Vyhladavanie_v_dynamickych_mnozinach;
			productReference = 9861F1212366DAE30079F8A8 /* 2_Vyhladavanie_v_dynamickych_mnozinach */;
			productType = "com.apple.product-type.tool";
		};
		9861F12E2366DAFA0079F8A8 /* Test_2_Vyhladavanie_v_dynamickych_mnozinach */ = {
			isa = PBXNativeTarget;
			buildConfigurationList = 9861F1342366DAFA0079F8A8 /* Build configuration list for PBXNativeTarget "Test_2_Vyhladavanie_v_dynamickych_mnozinach" */;
			buildPhases = (
				9861F12B2366DAFA0079F8A8 /* Sources */,
				9861F12C2366DAFA0079F8A8 /* Frameworks */,
				9861F12D2366DAFA0079F8A8 /* Resources */,
			);
			buildRules = (
			);
			dependencies = (
			);
			name = Test_2_Vyhladavanie_v_dynamickych_mnozinach;
			productName = Test_2_Vyhladavanie_v_dynamickych_mnozinach;
			productReference = 9861F12F2366DAFA0079F8A8 /* Test_2_Vyhladavanie_v_dynamickych_mnozinach.xctest */;
			productType = "com.apple.product-type.bundle.unit-test";
		};
/* End PBXNativeTarget section */

/* Begin PBXProject section */
		9861F1192366DAE30079F8A8 /* Project object */ = {
			isa = PBXProject;
			attributes = {
				LastUpgradeCheck = 1020;
				ORGANIZATIONNAME = dtokos;
				TargetAttributes = {
					9861F1202366DAE30079F8A8 = {
						CreatedOnToolsVersion = 10.2.1;
					};
					9861F12E2366DAFA0079F8A8 = {
						CreatedOnToolsVersion = 10.2.1;
					};
				};
			};
			buildConfigurationList = 9861F11C2366DAE30079F8A8 /* Build configuration list for PBXProject "2_Vyhladavanie_v_dynamickych_mnozinach" */;
			compatibilityVersion = "Xcode 9.3";
			developmentRegion = en;
			hasScannedForEncodings = 0;
			knownRegions = (
				en,
			);
			mainGroup = 9861F1182366DAE30079F8A8;
			productRefGroup = 9861F1222366DAE30079F8A8 /* Products */;
			projectDirPath = "";
			projectRoot = "";
			targets = (
				9861F1202366DAE30079F8A8 /* 2_Vyhladavanie_v_dynamickych_mnozinach */,
				9861F12E2366DAFA0079F8A8 /* Test_2_Vyhladavanie_v_dynamickych_mnozinach */,
			);
		};
/* End PBXProject section */

/* Begin PBXResourcesBuildPhase section */
		9861F12D2366DAFA0079F8A8 /* Resources */ = {
			isa = PBXResourcesBuildPhase;
			buildActionMask = 2147483647;
			files = (
			);
			runOnlyForDeploymentPostprocessing = 0;
		};
/* End PBXResourcesBuildPhase section */

/* Begin PBXSourcesBuildPhase section */
		9861F11D2366DAE30079F8A8 /* Sources */ = {
			isa = PBXSourcesBuildPhase;
			buildActionMask = 2147483647;
			files = (
				98DF75D9236C98A200CBC038 /* rbt.cpp in Sources */,
				98165E982368BE8200E5772E /* avl.cpp in Sources */,
				9843C1E8236DF6B10038F64F /* jrxmalloc.cpp in Sources */,
				9861F1252366DAE30079F8A8 /* main.c in Sources */,
				9843C1E5236DF66B0038F64F /* jrprime.cpp in Sources */,
				98A6285A236DAD130082076F /* ht.cpp in Sources */,
				9861F1392366DB0D0079F8A8 /* bst.cpp in Sources */,
				9843C1E1236DF5DD0038F64F /* jrht.cpp in Sources */,
			);
			runOnlyForDeploymentPostprocessing = 0;
		};
		9861F12B2366DAFA0079F8A8 /* Sources */ = {
			isa = PBXSourcesBuildPhase;
			buildActionMask = 2147483647;
			files = (
				9843C1EC236DF8B30038F64F /* TestJRHTInsert.mm in Sources */,
				9861F13E2366E6F70079F8A8 /* TestBSTSearch.mm in Sources */,
				98455FFD236B5BF900E64E02 /* TestAVLSearch.mm in Sources */,
				98A6285D236DAE020082076F /* TestHTInsert.mm in Sources */,
				98DF75DA236C98A200CBC038 /* rbt.cpp in Sources */,
				98A6285F236DD1550082076F /* TestHTSearch.mm in Sources */,
				9843C1EA236DF8910038F64F /* jrprime.cpp in Sources */,
				9843C1E2236DF5E40038F64F /* jrht.cpp in Sources */,
				9849DA04236975F700D5E962 /* TestAVLInsert.mm in Sources */,
				9856FE0C236F0436003322B0 /* TestJRHTSearch.mm in Sources */,
				9843C1E9236DF88F0038F64F /* jrxmalloc.cpp in Sources */,
				98A6285B236DAD130082076F /* ht.cpp in Sources */,
				9861F13A2366DB0D0079F8A8 /* bst.cpp in Sources */,
				9861F13C2366DF190079F8A8 /* TestBSTInsert.mm in Sources */,
				9856FE0E236F0811003322B0 /* TestHTPerformance.mm in Sources */,
				98DF75E0236CBB9B00CBC038 /* TestBSTPerformance.mm in Sources */,
				98DF75DE236CB62500CBC038 /* TestRBTSearch.mm in Sources */,
				98165E992368BE8200E5772E /* avl.cpp in Sources */,
				98DF75DC236C9C0D00CBC038 /* TestRBTInsert.mm in Sources */,
			);
			runOnlyForDeploymentPostprocessing = 0;
		};
/* End PBXSourcesBuildPhase section */

/* Begin XCBuildConfiguration section */
		9861F1262366DAE30079F8A8 /* Debug */ = {
			isa = XCBuildConfiguration;
			buildSettings = {
				ALWAYS_SEARCH_USER_PATHS = NO;
				CLANG_ANALYZER_NONNULL = YES;
				CLANG_ANALYZER_NUMBER_OBJECT_CONVERSION = YES_AGGRESSIVE;
				CLANG_CXX_LANGUAGE_STANDARD = "gnu++14";
				CLANG_CXX_LIBRARY = "libc++";
				CLANG_ENABLE_MODULES = YES;
				CLANG_ENABLE_OBJC_ARC = YES;
				CLANG_ENABLE_OBJC_WEAK = YES;
				CLANG_WARN_BLOCK_CAPTURE_AUTORELEASING = YES;
				CLANG_WARN_BOOL_CONVERSION = YES;
				CLANG_WARN_COMMA = YES;
				CLANG_WARN_CONSTANT_CONVERSION = YES;
				CLANG_WARN_DEPRECATED_OBJC_IMPLEMENTATIONS = YES;
				CLANG_WARN_DIRECT_OBJC_ISA_USAGE = YES_ERROR;
				CLANG_WARN_DOCUMENTATION_COMMENTS = YES;
				CLANG_WARN_EMPTY_BODY = YES;
				CLANG_WARN_ENUM_CONVERSION = YES;
				CLANG_WARN_INFINITE_RECURSION = YES;
				CLANG_WARN_INT_CONVERSION = YES;
				CLANG_WARN_NON_LITERAL_NULL_CONVERSION = YES;
				CLANG_WARN_OBJC_IMPLICIT_RETAIN_SELF = YES;
				CLANG_WARN_OBJC_LITERAL_CONVERSION = YES;
				CLANG_WARN_OBJC_ROOT_CLASS = YES_ERROR;
				CLANG_WARN_RANGE_LOOP_ANALYSIS = YES;
				CLANG_WARN_STRICT_PROTOTYPES = YES;
				CLANG_WARN_SUSPICIOUS_MOVE = YES;
				CLANG_WARN_UNGUARDED_AVAILABILITY = YES_AGGRESSIVE;
				CLANG_WARN_UNREACHABLE_CODE = YES;
				CLANG_WARN__DUPLICATE_METHOD_MATCH = YES;
				CODE_SIGN_IDENTITY = "-";
				COPY_PHASE_STRIP = NO;
				DEBUG_INFORMATION_FORMAT = dwarf;
				ENABLE_STRICT_OBJC_MSGSEND = YES;
				ENABLE_TESTABILITY = YES;
				GCC_C_LANGUAGE_STANDARD = gnu11;
				GCC_DYNAMIC_NO_PIC = NO;
				GCC_NO_COMMON_BLOCKS = YES;
				GCC_OPTIMIZATION_LEVEL = 0;
				GCC_PREPROCESSOR_DEFINITIONS = (
					"DEBUG=1",
					"$(inherited)",
				);
				GCC_WARN_64_TO_32_BIT_CONVERSION = YES;
				GCC_WARN_ABOUT_RETURN_TYPE = YES_ERROR;
				GCC_WARN_UNDECLARED_SELECTOR = YES;
				GCC_WARN_UNINITIALIZED_AUTOS = YES_AGGRESSIVE;
				GCC_WARN_UNUSED_FUNCTION = YES;
				GCC_WARN_UNUSED_VARIABLE = YES;
				MACOSX_DEPLOYMENT_TARGET = 10.14;
				MTL_ENABLE_DEBUG_INFO = INCLUDE_SOURCE;
				MTL_FAST_MATH = YES;
				ONLY_ACTIVE_ARCH = YES;
				SDKROOT = macosx;
			};
			name = Debug;
		};
		9861F1272366DAE30079F8A8 /* Release */ = {
			isa = XCBuildConfiguration;
			buildSettings = {
				ALWAYS_SEARCH_USER_PATHS = NO;
				CLANG_ANALYZER_NONNULL = YES;
				CLANG_ANALYZER_NUMBER_OBJECT_CONVERSION = YES_AGGRESSIVE;
				CLANG_CXX_LANGUAGE_STANDARD = "gnu++14";
				CLANG_CXX_LIBRARY = "libc++";
				CLANG_ENABLE_MODULES = YES;
				CLANG_ENABLE_OBJC_ARC = YES;
				CLANG_ENABLE_OBJC_WEAK = YES;
				CLANG_WARN_BLOCK_CAPTURE_AUTORELEASING = YES;
				CLANG_WARN_BOOL_CONVERSION = YES;
				CLANG_WARN_COMMA = YES;
				CLANG_WARN_CONSTANT_CONVERSION = YES;
				CLANG_WARN_DEPRECATED_OBJC_IMPLEMENTATIONS = YES;
				CLANG_WARN_DIRECT_OBJC_ISA_USAGE = YES_ERROR;
				CLANG_WARN_DOCUMENTATION_COMMENTS = YES;
				CLANG_WARN_EMPTY_BODY = YES;
				CLANG_WARN_ENUM_CONVERSION = YES;
				CLANG_WARN_INFINITE_RECURSION = YES;
				CLANG_WARN_INT_CONVERSION = YES;
				CLANG_WARN_NON_LITERAL_NULL_CONVERSION = YES;
				CLANG_WARN_OBJC_IMPLICIT_RETAIN_SELF = YES;
				CLANG_WARN_OBJC_LITERAL_CONVERSION = YES;
				CLANG_WARN_OBJC_ROOT_CLASS = YES_ERROR;
				CLANG_WARN_RANGE_LOOP_ANALYSIS = YES;
				CLANG_WARN_STRICT_PROTOTYPES = YES;
				CLANG_WARN_SUSPICIOUS_MOVE = YES;
				CLANG_WARN_UNGUARDED_AVAILABILITY = YES_AGGRESSIVE;
				CLANG_WARN_UNREACHABLE_CODE = YES;
				CLANG_WARN__DUPLICATE_METHOD_MATCH = YES;
				CODE_SIGN_IDENTITY = "-";
				COPY_PHASE_STRIP = NO;
				DEBUG_INFORMATION_FORMAT = "dwarf-with-dsym";
				ENABLE_NS_ASSERTIONS = NO;
				ENABLE_STRICT_OBJC_MSGSEND = YES;
				GCC_C_LANGUAGE_STANDARD = gnu11;
				GCC_NO_COMMON_BLOCKS = YES;
				GCC_WARN_64_TO_32_BIT_CONVERSION = YES;
				GCC_WARN_ABOUT_RETURN_TYPE = YES_ERROR;
				GCC_WARN_UNDECLARED_SELECTOR = YES;
				GCC_WARN_UNINITIALIZED_AUTOS = YES_AGGRESSIVE;
				GCC_WARN_UNUSED_FUNCTION = YES;
				GCC_WARN_UNUSED_VARIABLE = YES;
				MACOSX_DEPLOYMENT_TARGET = 10.14;
				MTL_ENABLE_DEBUG_INFO = NO;
				MTL_FAST_MATH = YES;
				SDKROOT = macosx;
			};
			name = Release;
		};
		9861F1292366DAE30079F8A8 /* Debug */ = {
			isa = XCBuildConfiguration;
			buildSettings = {
				CODE_SIGN_STYLE = Automatic;
				PRODUCT_NAME = "$(TARGET_NAME)";
			};
			name = Debug;
		};
		9861F12A2366DAE30079F8A8 /* Release */ = {
			isa = XCBuildConfiguration;
			buildSettings = {
				CODE_SIGN_STYLE = Automatic;
				PRODUCT_NAME = "$(TARGET_NAME)";
			};
			name = Release;
		};
		9861F1352366DAFA0079F8A8 /* Debug */ = {
			isa = XCBuildConfiguration;
			buildSettings = {
				CODE_SIGN_STYLE = Automatic;
				COMBINE_HIDPI_IMAGES = YES;
				INFOPLIST_FILE = Test_2_Vyhladavanie_v_dynamickych_mnozinach/Info.plist;
				LD_RUNPATH_SEARCH_PATHS = (
					"$(inherited)",
					"@executable_path/../Frameworks",
					"@loader_path/../Frameworks",
				);
				PRODUCT_BUNDLE_IDENTIFIER = "dtokos.Test-2-Vyhladavanie-v-dynamickych-mnozinach";
				PRODUCT_NAME = "$(TARGET_NAME)";
			};
			name = Debug;
		};
		9861F1362366DAFA0079F8A8 /* Release */ = {
			isa = XCBuildConfiguration;
			buildSettings = {
				CODE_SIGN_STYLE = Automatic;
				COMBINE_HIDPI_IMAGES = YES;
				INFOPLIST_FILE = Test_2_Vyhladavanie_v_dynamickych_mnozinach/Info.plist;
				LD_RUNPATH_SEARCH_PATHS = (
					"$(inherited)",
					"@executable_path/../Frameworks",
					"@loader_path/../Frameworks",
				);
				PRODUCT_BUNDLE_IDENTIFIER = "dtokos.Test-2-Vyhladavanie-v-dynamickych-mnozinach";
				PRODUCT_NAME = "$(TARGET_NAME)";
			};
			name = Release;
		};
/* End XCBuildConfiguration section */

/* Begin XCConfigurationList section */
		9861F11C2366DAE30079F8A8 /* Build configuration list for PBXProject "2_Vyhladavanie_v_dynamickych_mnozinach" */ = {
			isa = XCConfigurationList;
			buildConfigurations = (
				9861F1262366DAE30079F8A8 /* Debug */,
				9861F1272366DAE30079F8A8 /* Release */,
			);
			defaultConfigurationIsVisible = 0;
			defaultConfigurationName = Release;
		};
		9861F1282366DAE30079F8A8 /* Build configuration list for PBXNativeTarget "2_Vyhladavanie_v_dynamickych_mnozinach" */ = {
			isa = XCConfigurationList;
			buildConfigurations = (
				9861F1292366DAE30079F8A8 /* Debug */,
				9861F12A2366DAE30079F8A8 /* Release */,
			);
			defaultConfigurationIsVisible = 0;
			defaultConfigurationName = Release;
		};
		9861F1342366DAFA0079F8A8 /* Build configuration list for PBXNativeTarget "Test_2_Vyhladavanie_v_dynamickych_mnozinach" */ = {
			isa = XCConfigurationList;
			buildConfigurations = (
				9861F1352366DAFA0079F8A8 /* Debug */,
				9861F1362366DAFA0079F8A8 /* Release */,
			);
			defaultConfigurationIsVisible = 0;
			defaultConfigurationName = Release;
		};
/* End XCConfigurationList section */
	};
	rootObject = 9861F1192366DAE30079F8A8 /* Project object */;
}
