// !$*UTF8*$!
{
	archiveVersion = 1;
	classes = {
	};
	objectVersion = 50;
	objects = {

/* Begin PBXBuildFile section */
		98038EBA23BBD103000F5CDA /* main.cpp in Sources */ = {isa = PBXBuildFile; fileRef = 98038EB923BBD103000F5CDA /* main.cpp */; };
		98038ECE23BBD12A000F5CDA /* palindrome.cpp in Sources */ = {isa = PBXBuildFile; fileRef = 98038ECC23BBD12A000F5CDA /* palindrome.cpp */; };
		98038ECF23BBD12A000F5CDA /* palindrome.cpp in Sources */ = {isa = PBXBuildFile; fileRef = 98038ECC23BBD12A000F5CDA /* palindrome.cpp */; };
		98038ED123BBD178000F5CDA /* TestPalindrome.mm in Sources */ = {isa = PBXBuildFile; fileRef = 98038ED023BBD178000F5CDA /* TestPalindrome.mm */; };
/* End PBXBuildFile section */

/* Begin PBXCopyFilesBuildPhase section */
		98038EB423BBD103000F5CDA /* CopyFiles */ = {
			isa = PBXCopyFilesBuildPhase;
			buildActionMask = 2147483647;
			dstPath = /usr/share/man/man1/;
			dstSubfolderSpec = 0;
			files = (
			);
			runOnlyForDeploymentPostprocessing = 1;
		};
/* End PBXCopyFilesBuildPhase section */

/* Begin PBXFileReference section */
		98038EB623BBD103000F5CDA /* 12_1_Mimozemska_civilizacia */ = {isa = PBXFileReference; explicitFileType = "compiled.mach-o.executable"; includeInIndex = 0; path = 12_1_Mimozemska_civilizacia; sourceTree = BUILT_PRODUCTS_DIR; };
		98038EB923BBD103000F5CDA /* main.cpp */ = {isa = PBXFileReference; lastKnownFileType = sourcecode.cpp.cpp; path = main.cpp; sourceTree = "<group>"; };
		98038EC423BBD110000F5CDA /* Test_12_1_Mimozemska_civilizacia.xctest */ = {isa = PBXFileReference; explicitFileType = wrapper.cfbundle; includeInIndex = 0; path = Test_12_1_Mimozemska_civilizacia.xctest; sourceTree = BUILT_PRODUCTS_DIR; };
		98038EC823BBD110000F5CDA /* Info.plist */ = {isa = PBXFileReference; lastKnownFileType = text.plist.xml; path = Info.plist; sourceTree = "<group>"; };
		98038ECC23BBD12A000F5CDA /* palindrome.cpp */ = {isa = PBXFileReference; lastKnownFileType = sourcecode.cpp.cpp; path = palindrome.cpp; sourceTree = "<group>"; };
		98038ECD23BBD12A000F5CDA /* palindrome.hpp */ = {isa = PBXFileReference; lastKnownFileType = sourcecode.cpp.h; path = palindrome.hpp; sourceTree = "<group>"; };
		98038ED023BBD178000F5CDA /* TestPalindrome.mm */ = {isa = PBXFileReference; lastKnownFileType = sourcecode.cpp.objcpp; path = TestPalindrome.mm; sourceTree = "<group>"; };
/* End PBXFileReference section */

/* Begin PBXFrameworksBuildPhase section */
		98038EB323BBD103000F5CDA /* Frameworks */ = {
			isa = PBXFrameworksBuildPhase;
			buildActionMask = 2147483647;
			files = (
			);
			runOnlyForDeploymentPostprocessing = 0;
		};
		98038EC123BBD110000F5CDA /* Frameworks */ = {
			isa = PBXFrameworksBuildPhase;
			buildActionMask = 2147483647;
			files = (
			);
			runOnlyForDeploymentPostprocessing = 0;
		};
/* End PBXFrameworksBuildPhase section */

/* Begin PBXGroup section */
		98038EAD23BBD103000F5CDA = {
			isa = PBXGroup;
			children = (
				98038EB823BBD103000F5CDA /* 12_1_Mimozemska_civilizacia */,
				98038EC523BBD110000F5CDA /* Test_12_1_Mimozemska_civilizacia */,
				98038EB723BBD103000F5CDA /* Products */,
			);
			sourceTree = "<group>";
		};
		98038EB723BBD103000F5CDA /* Products */ = {
			isa = PBXGroup;
			children = (
				98038EB623BBD103000F5CDA /* 12_1_Mimozemska_civilizacia */,
				98038EC423BBD110000F5CDA /* Test_12_1_Mimozemska_civilizacia.xctest */,
			);
			name = Products;
			sourceTree = "<group>";
		};
		98038EB823BBD103000F5CDA /* 12_1_Mimozemska_civilizacia */ = {
			isa = PBXGroup;
			children = (
				98038EB923BBD103000F5CDA /* main.cpp */,
				98038ECD23BBD12A000F5CDA /* palindrome.hpp */,
				98038ECC23BBD12A000F5CDA /* palindrome.cpp */,
			);
			path = 12_1_Mimozemska_civilizacia;
			sourceTree = "<group>";
		};
		98038EC523BBD110000F5CDA /* Test_12_1_Mimozemska_civilizacia */ = {
			isa = PBXGroup;
			children = (
				98038ED023BBD178000F5CDA /* TestPalindrome.mm */,
				98038EC823BBD110000F5CDA /* Info.plist */,
			);
			path = Test_12_1_Mimozemska_civilizacia;
			sourceTree = "<group>";
		};
/* End PBXGroup section */

/* Begin PBXNativeTarget section */
		98038EB523BBD103000F5CDA /* 12_1_Mimozemska_civilizacia */ = {
			isa = PBXNativeTarget;
			buildConfigurationList = 98038EBD23BBD103000F5CDA /* Build configuration list for PBXNativeTarget "12_1_Mimozemska_civilizacia" */;
			buildPhases = (
				98038EB223BBD103000F5CDA /* Sources */,
				98038EB323BBD103000F5CDA /* Frameworks */,
				98038EB423BBD103000F5CDA /* CopyFiles */,
			);
			buildRules = (
			);
			dependencies = (
			);
			name = 12_1_Mimozemska_civilizacia;
			productName = 12_1_Mimozemska_civilizacia;
			productReference = 98038EB623BBD103000F5CDA /* 12_1_Mimozemska_civilizacia */;
			productType = "com.apple.product-type.tool";
		};
		98038EC323BBD110000F5CDA /* Test_12_1_Mimozemska_civilizacia */ = {
			isa = PBXNativeTarget;
			buildConfigurationList = 98038EC923BBD110000F5CDA /* Build configuration list for PBXNativeTarget "Test_12_1_Mimozemska_civilizacia" */;
			buildPhases = (
				98038EC023BBD110000F5CDA /* Sources */,
				98038EC123BBD110000F5CDA /* Frameworks */,
				98038EC223BBD110000F5CDA /* Resources */,
			);
			buildRules = (
			);
			dependencies = (
			);
			name = Test_12_1_Mimozemska_civilizacia;
			productName = Test_12_1_Mimozemska_civilizacia;
			productReference = 98038EC423BBD110000F5CDA /* Test_12_1_Mimozemska_civilizacia.xctest */;
			productType = "com.apple.product-type.bundle.unit-test";
		};
/* End PBXNativeTarget section */

/* Begin PBXProject section */
		98038EAE23BBD103000F5CDA /* Project object */ = {
			isa = PBXProject;
			attributes = {
				LastUpgradeCheck = 1020;
				ORGANIZATIONNAME = dtokos;
				TargetAttributes = {
					98038EB523BBD103000F5CDA = {
						CreatedOnToolsVersion = 10.2.1;
					};
					98038EC323BBD110000F5CDA = {
						CreatedOnToolsVersion = 10.2.1;
					};
				};
			};
			buildConfigurationList = 98038EB123BBD103000F5CDA /* Build configuration list for PBXProject "12_1_Mimozemska_civilizacia" */;
			compatibilityVersion = "Xcode 9.3";
			developmentRegion = en;
			hasScannedForEncodings = 0;
			knownRegions = (
				en,
			);
			mainGroup = 98038EAD23BBD103000F5CDA;
			productRefGroup = 98038EB723BBD103000F5CDA /* Products */;
			projectDirPath = "";
			projectRoot = "";
			targets = (
				98038EB523BBD103000F5CDA /* 12_1_Mimozemska_civilizacia */,
				98038EC323BBD110000F5CDA /* Test_12_1_Mimozemska_civilizacia */,
			);
		};
/* End PBXProject section */

/* Begin PBXResourcesBuildPhase section */
		98038EC223BBD110000F5CDA /* Resources */ = {
			isa = PBXResourcesBuildPhase;
			buildActionMask = 2147483647;
			files = (
			);
			runOnlyForDeploymentPostprocessing = 0;
		};
/* End PBXResourcesBuildPhase section */

/* Begin PBXSourcesBuildPhase section */
		98038EB223BBD103000F5CDA /* Sources */ = {
			isa = PBXSourcesBuildPhase;
			buildActionMask = 2147483647;
			files = (
				98038ECE23BBD12A000F5CDA /* palindrome.cpp in Sources */,
				98038EBA23BBD103000F5CDA /* main.cpp in Sources */,
			);
			runOnlyForDeploymentPostprocessing = 0;
		};
		98038EC023BBD110000F5CDA /* Sources */ = {
			isa = PBXSourcesBuildPhase;
			buildActionMask = 2147483647;
			files = (
				98038ED123BBD178000F5CDA /* TestPalindrome.mm in Sources */,
				98038ECF23BBD12A000F5CDA /* palindrome.cpp in Sources */,
			);
			runOnlyForDeploymentPostprocessing = 0;
		};
/* End PBXSourcesBuildPhase section */

/* Begin XCBuildConfiguration section */
		98038EBB23BBD103000F5CDA /* Debug */ = {
			isa = XCBuildConfiguration;
			buildSettings = {
				ALWAYS_SEARCH_USER_PATHS = NO;
				CLANG_ANALYZER_NONNULL = YES;
				CLANG_ANALYZER_NUMBER_OBJECT_CONVERSION = YES_AGGRESSIVE;
				CLANG_CXX_LANGUAGE_STANDARD = "gnu++14";
				CLANG_CXX_LIBRARY = "libc++";
				CLANG_ENABLE_MODULES = YES;
				CLANG_ENABLE_OBJC_ARC = YES;
				CLANG_ENABLE_OBJC_WEAK = YES;
				CLANG_WARN_BLOCK_CAPTURE_AUTORELEASING = YES;
				CLANG_WARN_BOOL_CONVERSION = YES;
				CLANG_WARN_COMMA = YES;
				CLANG_WARN_CONSTANT_CONVERSION = YES;
				CLANG_WARN_DEPRECATED_OBJC_IMPLEMENTATIONS = YES;
				CLANG_WARN_DIRECT_OBJC_ISA_USAGE = YES_ERROR;
				CLANG_WARN_DOCUMENTATION_COMMENTS = YES;
				CLANG_WARN_EMPTY_BODY = YES;
				CLANG_WARN_ENUM_CONVERSION = YES;
				CLANG_WARN_INFINITE_RECURSION = YES;
				CLANG_WARN_INT_CONVERSION = YES;
				CLANG_WARN_NON_LITERAL_NULL_CONVERSION = YES;
				CLANG_WARN_OBJC_IMPLICIT_RETAIN_SELF = YES;
				CLANG_WARN_OBJC_LITERAL_CONVERSION = YES;
				CLANG_WARN_OBJC_ROOT_CLASS = YES_ERROR;
				CLANG_WARN_RANGE_LOOP_ANALYSIS = YES;
				CLANG_WARN_STRICT_PROTOTYPES = YES;
				CLANG_WARN_SUSPICIOUS_MOVE = YES;
				CLANG_WARN_UNGUARDED_AVAILABILITY = YES_AGGRESSIVE;
				CLANG_WARN_UNREACHABLE_CODE = YES;
				CLANG_WARN__DUPLICATE_METHOD_MATCH = YES;
				CODE_SIGN_IDENTITY = "-";
				COPY_PHASE_STRIP = NO;
				DEBUG_INFORMATION_FORMAT = dwarf;
				ENABLE_STRICT_OBJC_MSGSEND = YES;
				ENABLE_TESTABILITY = YES;
				GCC_C_LANGUAGE_STANDARD = gnu11;
				GCC_DYNAMIC_NO_PIC = NO;
				GCC_NO_COMMON_BLOCKS = YES;
				GCC_OPTIMIZATION_LEVEL = 0;
				GCC_PREPROCESSOR_DEFINITIONS = (
					"DEBUG=1",
					"$(inherited)",
				);
				GCC_WARN_64_TO_32_BIT_CONVERSION = YES;
				GCC_WARN_ABOUT_RETURN_TYPE = YES_ERROR;
				GCC_WARN_UNDECLARED_SELECTOR = YES;
				GCC_WARN_UNINITIALIZED_AUTOS = YES_AGGRESSIVE;
				GCC_WARN_UNUSED_FUNCTION = YES;
				GCC_WARN_UNUSED_VARIABLE = YES;
				MACOSX_DEPLOYMENT_TARGET = 10.14;
				MTL_ENABLE_DEBUG_INFO = INCLUDE_SOURCE;
				MTL_FAST_MATH = YES;
				ONLY_ACTIVE_ARCH = YES;
				SDKROOT = macosx;
			};
			name = Debug;
		};
		98038EBC23BBD103000F5CDA /* Release */ = {
			isa = XCBuildConfiguration;
			buildSettings = {
				ALWAYS_SEARCH_USER_PATHS = NO;
				CLANG_ANALYZER_NONNULL = YES;
				CLANG_ANALYZER_NUMBER_OBJECT_CONVERSION = YES_AGGRESSIVE;
				CLANG_CXX_LANGUAGE_STANDARD = "gnu++14";
				CLANG_CXX_LIBRARY = "libc++";
				CLANG_ENABLE_MODULES = YES;
				CLANG_ENABLE_OBJC_ARC = YES;
				CLANG_ENABLE_OBJC_WEAK = YES;
				CLANG_WARN_BLOCK_CAPTURE_AUTORELEASING = YES;
				CLANG_WARN_BOOL_CONVERSION = YES;
				CLANG_WARN_COMMA = YES;
				CLANG_WARN_CONSTANT_CONVERSION = YES;
				CLANG_WARN_DEPRECATED_OBJC_IMPLEMENTATIONS = YES;
				CLANG_WARN_DIRECT_OBJC_ISA_USAGE = YES_ERROR;
				CLANG_WARN_DOCUMENTATION_COMMENTS = YES;
				CLANG_WARN_EMPTY_BODY = YES;
				CLANG_WARN_ENUM_CONVERSION = YES;
				CLANG_WARN_INFINITE_RECURSION = YES;
				CLANG_WARN_INT_CONVERSION = YES;
				CLANG_WARN_NON_LITERAL_NULL_CONVERSION = YES;
				CLANG_WARN_OBJC_IMPLICIT_RETAIN_SELF = YES;
				CLANG_WARN_OBJC_LITERAL_CONVERSION = YES;
				CLANG_WARN_OBJC_ROOT_CLASS = YES_ERROR;
				CLANG_WARN_RANGE_LOOP_ANALYSIS = YES;
				CLANG_WARN_STRICT_PROTOTYPES = YES;
				CLANG_WARN_SUSPICIOUS_MOVE = YES;
				CLANG_WARN_UNGUARDED_AVAILABILITY = YES_AGGRESSIVE;
				CLANG_WARN_UNREACHABLE_CODE = YES;
				CLANG_WARN__DUPLICATE_METHOD_MATCH = YES;
				CODE_SIGN_IDENTITY = "-";
				COPY_PHASE_STRIP = NO;
				DEBUG_INFORMATION_FORMAT = "dwarf-with-dsym";
				ENABLE_NS_ASSERTIONS = NO;
				ENABLE_STRICT_OBJC_MSGSEND = YES;
				GCC_C_LANGUAGE_STANDARD = gnu11;
				GCC_NO_COMMON_BLOCKS = YES;
				GCC_WARN_64_TO_32_BIT_CONVERSION = YES;
				GCC_WARN_ABOUT_RETURN_TYPE = YES_ERROR;
				GCC_WARN_UNDECLARED_SELECTOR = YES;
				GCC_WARN_UNINITIALIZED_AUTOS = YES_AGGRESSIVE;
				GCC_WARN_UNUSED_FUNCTION = YES;
				GCC_WARN_UNUSED_VARIABLE = YES;
				MACOSX_DEPLOYMENT_TARGET = 10.14;
				MTL_ENABLE_DEBUG_INFO = NO;
				MTL_FAST_MATH = YES;
				SDKROOT = macosx;
			};
			name = Release;
		};
		98038EBE23BBD103000F5CDA /* Debug */ = {
			isa = XCBuildConfiguration;
			buildSettings = {
				CODE_SIGN_STYLE = Automatic;
				PRODUCT_NAME = "$(TARGET_NAME)";
			};
			name = Debug;
		};
		98038EBF23BBD103000F5CDA /* Release */ = {
			isa = XCBuildConfiguration;
			buildSettings = {
				CODE_SIGN_STYLE = Automatic;
				PRODUCT_NAME = "$(TARGET_NAME)";
			};
			name = Release;
		};
		98038ECA23BBD110000F5CDA /* Debug */ = {
			isa = XCBuildConfiguration;
			buildSettings = {
				CODE_SIGN_STYLE = Automatic;
				COMBINE_HIDPI_IMAGES = YES;
				INFOPLIST_FILE = Test_12_1_Mimozemska_civilizacia/Info.plist;
				LD_RUNPATH_SEARCH_PATHS = (
					"$(inherited)",
					"@executable_path/../Frameworks",
					"@loader_path/../Frameworks",
				);
				PRODUCT_BUNDLE_IDENTIFIER = "dtokos.Test-12-1-Mimozemska-civilizacia";
				PRODUCT_NAME = "$(TARGET_NAME)";
			};
			name = Debug;
		};
		98038ECB23BBD110000F5CDA /* Release */ = {
			isa = XCBuildConfiguration;
			buildSettings = {
				CODE_SIGN_STYLE = Automatic;
				COMBINE_HIDPI_IMAGES = YES;
				INFOPLIST_FILE = Test_12_1_Mimozemska_civilizacia/Info.plist;
				LD_RUNPATH_SEARCH_PATHS = (
					"$(inherited)",
					"@executable_path/../Frameworks",
					"@loader_path/../Frameworks",
				);
				PRODUCT_BUNDLE_IDENTIFIER = "dtokos.Test-12-1-Mimozemska-civilizacia";
				PRODUCT_NAME = "$(TARGET_NAME)";
			};
			name = Release;
		};
/* End XCBuildConfiguration section */

/* Begin XCConfigurationList section */
		98038EB123BBD103000F5CDA /* Build configuration list for PBXProject "12_1_Mimozemska_civilizacia" */ = {
			isa = XCConfigurationList;
			buildConfigurations = (
				98038EBB23BBD103000F5CDA /* Debug */,
				98038EBC23BBD103000F5CDA /* Release */,
			);
			defaultConfigurationIsVisible = 0;
			defaultConfigurationName = Release;
		};
		98038EBD23BBD103000F5CDA /* Build configuration list for PBXNativeTarget "12_1_Mimozemska_civilizacia" */ = {
			isa = XCConfigurationList;
			buildConfigurations = (
				98038EBE23BBD103000F5CDA /* Debug */,
				98038EBF23BBD103000F5CDA /* Release */,
			);
			defaultConfigurationIsVisible = 0;
			defaultConfigurationName = Release;
		};
		98038EC923BBD110000F5CDA /* Build configuration list for PBXNativeTarget "Test_12_1_Mimozemska_civilizacia" */ = {
			isa = XCConfigurationList;
			buildConfigurations = (
				98038ECA23BBD110000F5CDA /* Debug */,
				98038ECB23BBD110000F5CDA /* Release */,
			);
			defaultConfigurationIsVisible = 0;
			defaultConfigurationName = Release;
		};
/* End XCConfigurationList section */
	};
	rootObject = 98038EAE23BBD103000F5CDA /* Project object */;
}
