// !$*UTF8*$!
{
	archiveVersion = 1;
	classes = {
	};
	objectVersion = 50;
	objects = {

/* Begin PBXBuildFile section */
		98B1E40C234F537C0091D58F /* BigMemoryTests.mm in Sources */ = {isa = PBXBuildFile; fileRef = 98B1E40B234F537C0091D58F /* BigMemoryTests.mm */; };
		98C114A5234F530A00BCB91C /* SmallMemoryTests.mm in Sources */ = {isa = PBXBuildFile; fileRef = 98C114A4234F530A00BCB91C /* SmallMemoryTests.mm */; };
		98ECCD6E234B1EC3006135FB /* main.cpp in Sources */ = {isa = PBXBuildFile; fileRef = 98ECCD6D234B1EC3006135FB /* main.cpp */; };
		98ECCD82234B287B006135FB /* memory.cpp in Sources */ = {isa = PBXBuildFile; fileRef = 98ECCD80234B287B006135FB /* memory.cpp */; };
		98ECCD83234B287B006135FB /* memory.cpp in Sources */ = {isa = PBXBuildFile; fileRef = 98ECCD80234B287B006135FB /* memory.cpp */; };
/* End PBXBuildFile section */

/* Begin PBXCopyFilesBuildPhase section */
		98ECCD68234B1EC3006135FB /* CopyFiles */ = {
			isa = PBXCopyFilesBuildPhase;
			buildActionMask = 2147483647;
			dstPath = /usr/share/man/man1/;
			dstSubfolderSpec = 0;
			files = (
			);
			runOnlyForDeploymentPostprocessing = 1;
		};
/* End PBXCopyFilesBuildPhase section */

/* Begin PBXFileReference section */
		98B1E40B234F537C0091D58F /* BigMemoryTests.mm */ = {isa = PBXFileReference; lastKnownFileType = sourcecode.cpp.objcpp; path = BigMemoryTests.mm; sourceTree = "<group>"; };
		98C114A4234F530A00BCB91C /* SmallMemoryTests.mm */ = {isa = PBXFileReference; lastKnownFileType = sourcecode.cpp.objcpp; path = SmallMemoryTests.mm; sourceTree = "<group>"; };
		98ECCD6A234B1EC3006135FB /* 1_Spravca_pamati */ = {isa = PBXFileReference; explicitFileType = "compiled.mach-o.executable"; includeInIndex = 0; path = 1_Spravca_pamati; sourceTree = BUILT_PRODUCTS_DIR; };
		98ECCD6D234B1EC3006135FB /* main.cpp */ = {isa = PBXFileReference; lastKnownFileType = sourcecode.cpp.cpp; path = main.cpp; sourceTree = "<group>"; };
		98ECCD78234B279E006135FB /* Test_1_Spravca_pamati.xctest */ = {isa = PBXFileReference; explicitFileType = wrapper.cfbundle; includeInIndex = 0; path = Test_1_Spravca_pamati.xctest; sourceTree = BUILT_PRODUCTS_DIR; };
		98ECCD7C234B279E006135FB /* Info.plist */ = {isa = PBXFileReference; lastKnownFileType = text.plist.xml; path = Info.plist; sourceTree = "<group>"; };
		98ECCD80234B287B006135FB /* memory.cpp */ = {isa = PBXFileReference; lastKnownFileType = sourcecode.cpp.cpp; path = memory.cpp; sourceTree = "<group>"; };
		98ECCD81234B287B006135FB /* memory.hpp */ = {isa = PBXFileReference; lastKnownFileType = sourcecode.cpp.h; path = memory.hpp; sourceTree = "<group>"; };
/* End PBXFileReference section */

/* Begin PBXFrameworksBuildPhase section */
		98ECCD67234B1EC3006135FB /* Frameworks */ = {
			isa = PBXFrameworksBuildPhase;
			buildActionMask = 2147483647;
			files = (
			);
			runOnlyForDeploymentPostprocessing = 0;
		};
		98ECCD75234B279E006135FB /* Frameworks */ = {
			isa = PBXFrameworksBuildPhase;
			buildActionMask = 2147483647;
			files = (
			);
			runOnlyForDeploymentPostprocessing = 0;
		};
/* End PBXFrameworksBuildPhase section */

/* Begin PBXGroup section */
		98ECCD61234B1EC3006135FB = {
			isa = PBXGroup;
			children = (
				98ECCD6C234B1EC3006135FB /* 1_Spravca_pamati */,
				98ECCD79234B279E006135FB /* Test_1_Spravca_pamati */,
				98ECCD6B234B1EC3006135FB /* Products */,
			);
			sourceTree = "<group>";
		};
		98ECCD6B234B1EC3006135FB /* Products */ = {
			isa = PBXGroup;
			children = (
				98ECCD6A234B1EC3006135FB /* 1_Spravca_pamati */,
				98ECCD78234B279E006135FB /* Test_1_Spravca_pamati.xctest */,
			);
			name = Products;
			sourceTree = "<group>";
		};
		98ECCD6C234B1EC3006135FB /* 1_Spravca_pamati */ = {
			isa = PBXGroup;
			children = (
				98ECCD6D234B1EC3006135FB /* main.cpp */,
				98ECCD81234B287B006135FB /* memory.hpp */,
				98ECCD80234B287B006135FB /* memory.cpp */,
			);
			path = 1_Spravca_pamati;
			sourceTree = "<group>";
		};
		98ECCD79234B279E006135FB /* Test_1_Spravca_pamati */ = {
			isa = PBXGroup;
			children = (
				98B1E40B234F537C0091D58F /* BigMemoryTests.mm */,
				98C114A4234F530A00BCB91C /* SmallMemoryTests.mm */,
				98ECCD7C234B279E006135FB /* Info.plist */,
			);
			path = Test_1_Spravca_pamati;
			sourceTree = "<group>";
		};
/* End PBXGroup section */

/* Begin PBXNativeTarget section */
		98ECCD69234B1EC3006135FB /* 1_Spravca_pamati */ = {
			isa = PBXNativeTarget;
			buildConfigurationList = 98ECCD71234B1EC3006135FB /* Build configuration list for PBXNativeTarget "1_Spravca_pamati" */;
			buildPhases = (
				98ECCD66234B1EC3006135FB /* Sources */,
				98ECCD67234B1EC3006135FB /* Frameworks */,
				98ECCD68234B1EC3006135FB /* CopyFiles */,
			);
			buildRules = (
			);
			dependencies = (
			);
			name = 1_Spravca_pamati;
			productName = 1_Spravca_pamati;
			productReference = 98ECCD6A234B1EC3006135FB /* 1_Spravca_pamati */;
			productType = "com.apple.product-type.tool";
		};
		98ECCD77234B279E006135FB /* Test_1_Spravca_pamati */ = {
			isa = PBXNativeTarget;
			buildConfigurationList = 98ECCD7D234B279E006135FB /* Build configuration list for PBXNativeTarget "Test_1_Spravca_pamati" */;
			buildPhases = (
				98ECCD74234B279E006135FB /* Sources */,
				98ECCD75234B279E006135FB /* Frameworks */,
				98ECCD76234B279E006135FB /* Resources */,
			);
			buildRules = (
			);
			dependencies = (
			);
			name = Test_1_Spravca_pamati;
			productName = Test_1_Spravca_pamati;
			productReference = 98ECCD78234B279E006135FB /* Test_1_Spravca_pamati.xctest */;
			productType = "com.apple.product-type.bundle.unit-test";
		};
/* End PBXNativeTarget section */

/* Begin PBXProject section */
		98ECCD62234B1EC3006135FB /* Project object */ = {
			isa = PBXProject;
			attributes = {
				LastUpgradeCheck = 1020;
				ORGANIZATIONNAME = dtokos;
				TargetAttributes = {
					98ECCD69234B1EC3006135FB = {
						CreatedOnToolsVersion = 10.2.1;
					};
					98ECCD77234B279E006135FB = {
						CreatedOnToolsVersion = 10.2.1;
					};
				};
			};
			buildConfigurationList = 98ECCD65234B1EC3006135FB /* Build configuration list for PBXProject "1_Spravca_pamati" */;
			compatibilityVersion = "Xcode 9.3";
			developmentRegion = en;
			hasScannedForEncodings = 0;
			knownRegions = (
				en,
			);
			mainGroup = 98ECCD61234B1EC3006135FB;
			productRefGroup = 98ECCD6B234B1EC3006135FB /* Products */;
			projectDirPath = "";
			projectRoot = "";
			targets = (
				98ECCD69234B1EC3006135FB /* 1_Spravca_pamati */,
				98ECCD77234B279E006135FB /* Test_1_Spravca_pamati */,
			);
		};
/* End PBXProject section */

/* Begin PBXResourcesBuildPhase section */
		98ECCD76234B279E006135FB /* Resources */ = {
			isa = PBXResourcesBuildPhase;
			buildActionMask = 2147483647;
			files = (
			);
			runOnlyForDeploymentPostprocessing = 0;
		};
/* End PBXResourcesBuildPhase section */

/* Begin PBXSourcesBuildPhase section */
		98ECCD66234B1EC3006135FB /* Sources */ = {
			isa = PBXSourcesBuildPhase;
			buildActionMask = 2147483647;
			files = (
				98ECCD82234B287B006135FB /* memory.cpp in Sources */,
				98ECCD6E234B1EC3006135FB /* main.cpp in Sources */,
			);
			runOnlyForDeploymentPostprocessing = 0;
		};
		98ECCD74234B279E006135FB /* Sources */ = {
			isa = PBXSourcesBuildPhase;
			buildActionMask = 2147483647;
			files = (
				98C114A5234F530A00BCB91C /* SmallMemoryTests.mm in Sources */,
				98B1E40C234F537C0091D58F /* BigMemoryTests.mm in Sources */,
				98ECCD83234B287B006135FB /* memory.cpp in Sources */,
			);
			runOnlyForDeploymentPostprocessing = 0;
		};
/* End PBXSourcesBuildPhase section */

/* Begin XCBuildConfiguration section */
		98ECCD6F234B1EC3006135FB /* Debug */ = {
			isa = XCBuildConfiguration;
			buildSettings = {
				ALWAYS_SEARCH_USER_PATHS = NO;
				CLANG_ANALYZER_NONNULL = YES;
				CLANG_ANALYZER_NUMBER_OBJECT_CONVERSION = YES_AGGRESSIVE;
				CLANG_CXX_LANGUAGE_STANDARD = "gnu++14";
				CLANG_CXX_LIBRARY = "libc++";
				CLANG_ENABLE_MODULES = YES;
				CLANG_ENABLE_OBJC_ARC = YES;
				CLANG_ENABLE_OBJC_WEAK = YES;
				CLANG_WARN_BLOCK_CAPTURE_AUTORELEASING = YES;
				CLANG_WARN_BOOL_CONVERSION = YES;
				CLANG_WARN_COMMA = YES;
				CLANG_WARN_CONSTANT_CONVERSION = YES;
				CLANG_WARN_DEPRECATED_OBJC_IMPLEMENTATIONS = YES;
				CLANG_WARN_DIRECT_OBJC_ISA_USAGE = YES_ERROR;
				CLANG_WARN_DOCUMENTATION_COMMENTS = YES;
				CLANG_WARN_EMPTY_BODY = YES;
				CLANG_WARN_ENUM_CONVERSION = YES;
				CLANG_WARN_INFINITE_RECURSION = YES;
				CLANG_WARN_INT_CONVERSION = YES;
				CLANG_WARN_NON_LITERAL_NULL_CONVERSION = YES;
				CLANG_WARN_OBJC_IMPLICIT_RETAIN_SELF = YES;
				CLANG_WARN_OBJC_LITERAL_CONVERSION = YES;
				CLANG_WARN_OBJC_ROOT_CLASS = YES_ERROR;
				CLANG_WARN_RANGE_LOOP_ANALYSIS = YES;
				CLANG_WARN_STRICT_PROTOTYPES = YES;
				CLANG_WARN_SUSPICIOUS_MOVE = YES;
				CLANG_WARN_UNGUARDED_AVAILABILITY = YES_AGGRESSIVE;
				CLANG_WARN_UNREACHABLE_CODE = YES;
				CLANG_WARN__DUPLICATE_METHOD_MATCH = YES;
				CODE_SIGN_IDENTITY = "-";
				COPY_PHASE_STRIP = NO;
				DEBUG_INFORMATION_FORMAT = dwarf;
				ENABLE_STRICT_OBJC_MSGSEND = YES;
				ENABLE_TESTABILITY = YES;
				GCC_C_LANGUAGE_STANDARD = gnu11;
				GCC_DYNAMIC_NO_PIC = NO;
				GCC_NO_COMMON_BLOCKS = YES;
				GCC_OPTIMIZATION_LEVEL = 0;
				GCC_PREPROCESSOR_DEFINITIONS = (
					"DEBUG=1",
					"$(inherited)",
				);
				GCC_WARN_64_TO_32_BIT_CONVERSION = YES;
				GCC_WARN_ABOUT_RETURN_TYPE = YES_ERROR;
				GCC_WARN_UNDECLARED_SELECTOR = YES;
				GCC_WARN_UNINITIALIZED_AUTOS = YES_AGGRESSIVE;
				GCC_WARN_UNUSED_FUNCTION = YES;
				GCC_WARN_UNUSED_VARIABLE = YES;
				MACOSX_DEPLOYMENT_TARGET = 10.14;
				MTL_ENABLE_DEBUG_INFO = INCLUDE_SOURCE;
				MTL_FAST_MATH = YES;
				ONLY_ACTIVE_ARCH = YES;
				SDKROOT = macosx;
			};
			name = Debug;
		};
		98ECCD70234B1EC3006135FB /* Release */ = {
			isa = XCBuildConfiguration;
			buildSettings = {
				ALWAYS_SEARCH_USER_PATHS = NO;
				CLANG_ANALYZER_NONNULL = YES;
				CLANG_ANALYZER_NUMBER_OBJECT_CONVERSION = YES_AGGRESSIVE;
				CLANG_CXX_LANGUAGE_STANDARD = "gnu++14";
				CLANG_CXX_LIBRARY = "libc++";
				CLANG_ENABLE_MODULES = YES;
				CLANG_ENABLE_OBJC_ARC = YES;
				CLANG_ENABLE_OBJC_WEAK = YES;
				CLANG_WARN_BLOCK_CAPTURE_AUTORELEASING = YES;
				CLANG_WARN_BOOL_CONVERSION = YES;
				CLANG_WARN_COMMA = YES;
				CLANG_WARN_CONSTANT_CONVERSION = YES;
				CLANG_WARN_DEPRECATED_OBJC_IMPLEMENTATIONS = YES;
				CLANG_WARN_DIRECT_OBJC_ISA_USAGE = YES_ERROR;
				CLANG_WARN_DOCUMENTATION_COMMENTS = YES;
				CLANG_WARN_EMPTY_BODY = YES;
				CLANG_WARN_ENUM_CONVERSION = YES;
				CLANG_WARN_INFINITE_RECURSION = YES;
				CLANG_WARN_INT_CONVERSION = YES;
				CLANG_WARN_NON_LITERAL_NULL_CONVERSION = YES;
				CLANG_WARN_OBJC_IMPLICIT_RETAIN_SELF = YES;
				CLANG_WARN_OBJC_LITERAL_CONVERSION = YES;
				CLANG_WARN_OBJC_ROOT_CLASS = YES_ERROR;
				CLANG_WARN_RANGE_LOOP_ANALYSIS = YES;
				CLANG_WARN_STRICT_PROTOTYPES = YES;
				CLANG_WARN_SUSPICIOUS_MOVE = YES;
				CLANG_WARN_UNGUARDED_AVAILABILITY = YES_AGGRESSIVE;
				CLANG_WARN_UNREACHABLE_CODE = YES;
				CLANG_WARN__DUPLICATE_METHOD_MATCH = YES;
				CODE_SIGN_IDENTITY = "-";
				COPY_PHASE_STRIP = NO;
				DEBUG_INFORMATION_FORMAT = "dwarf-with-dsym";
				ENABLE_NS_ASSERTIONS = NO;
				ENABLE_STRICT_OBJC_MSGSEND = YES;
				GCC_C_LANGUAGE_STANDARD = gnu11;
				GCC_NO_COMMON_BLOCKS = YES;
				GCC_WARN_64_TO_32_BIT_CONVERSION = YES;
				GCC_WARN_ABOUT_RETURN_TYPE = YES_ERROR;
				GCC_WARN_UNDECLARED_SELECTOR = YES;
				GCC_WARN_UNINITIALIZED_AUTOS = YES_AGGRESSIVE;
				GCC_WARN_UNUSED_FUNCTION = YES;
				GCC_WARN_UNUSED_VARIABLE = YES;
				MACOSX_DEPLOYMENT_TARGET = 10.14;
				MTL_ENABLE_DEBUG_INFO = NO;
				MTL_FAST_MATH = YES;
				SDKROOT = macosx;
			};
			name = Release;
		};
		98ECCD72234B1EC3006135FB /* Debug */ = {
			isa = XCBuildConfiguration;
			buildSettings = {
				CODE_SIGN_STYLE = Automatic;
				PRODUCT_NAME = "$(TARGET_NAME)";
			};
			name = Debug;
		};
		98ECCD73234B1EC3006135FB /* Release */ = {
			isa = XCBuildConfiguration;
			buildSettings = {
				CODE_SIGN_STYLE = Automatic;
				PRODUCT_NAME = "$(TARGET_NAME)";
			};
			name = Release;
		};
		98ECCD7E234B279E006135FB /* Debug */ = {
			isa = XCBuildConfiguration;
			buildSettings = {
				CODE_SIGN_STYLE = Automatic;
				COMBINE_HIDPI_IMAGES = YES;
				INFOPLIST_FILE = Test_1_Spravca_pamati/Info.plist;
				LD_RUNPATH_SEARCH_PATHS = (
					"$(inherited)",
					"@executable_path/../Frameworks",
					"@loader_path/../Frameworks",
				);
				PRODUCT_BUNDLE_IDENTIFIER = "dtokos.Test-1-Spravca-pamati";
				PRODUCT_NAME = "$(TARGET_NAME)";
			};
			name = Debug;
		};
		98ECCD7F234B279E006135FB /* Release */ = {
			isa = XCBuildConfiguration;
			buildSettings = {
				CODE_SIGN_STYLE = Automatic;
				COMBINE_HIDPI_IMAGES = YES;
				INFOPLIST_FILE = Test_1_Spravca_pamati/Info.plist;
				LD_RUNPATH_SEARCH_PATHS = (
					"$(inherited)",
					"@executable_path/../Frameworks",
					"@loader_path/../Frameworks",
				);
				PRODUCT_BUNDLE_IDENTIFIER = "dtokos.Test-1-Spravca-pamati";
				PRODUCT_NAME = "$(TARGET_NAME)";
			};
			name = Release;
		};
/* End XCBuildConfiguration section */

/* Begin XCConfigurationList section */
		98ECCD65234B1EC3006135FB /* Build configuration list for PBXProject "1_Spravca_pamati" */ = {
			isa = XCConfigurationList;
			buildConfigurations = (
				98ECCD6F234B1EC3006135FB /* Debug */,
				98ECCD70234B1EC3006135FB /* Release */,
			);
			defaultConfigurationIsVisible = 0;
			defaultConfigurationName = Release;
		};
		98ECCD71234B1EC3006135FB /* Build configuration list for PBXNativeTarget "1_Spravca_pamati" */ = {
			isa = XCConfigurationList;
			buildConfigurations = (
				98ECCD72234B1EC3006135FB /* Debug */,
				98ECCD73234B1EC3006135FB /* Release */,
			);
			defaultConfigurationIsVisible = 0;
			defaultConfigurationName = Release;
		};
		98ECCD7D234B279E006135FB /* Build configuration list for PBXNativeTarget "Test_1_Spravca_pamati" */ = {
			isa = XCConfigurationList;
			buildConfigurations = (
				98ECCD7E234B279E006135FB /* Debug */,
				98ECCD7F234B279E006135FB /* Release */,
			);
			defaultConfigurationIsVisible = 0;
			defaultConfigurationName = Release;
		};
/* End XCConfigurationList section */
	};
	rootObject = 98ECCD62234B1EC3006135FB /* Project object */;
}
